// !$*UTF8*$!
{
	archiveVersion = 1;
	classes = {
	};
	objectVersion = 46;
	objects = {

/* Begin PBXBuildFile section */
		A1BC5C24503B1AE9AC17118E /* libPods-HromadskyiPatrul.a in Frameworks */ = {isa = PBXBuildFile; fileRef = 60376B1ED92CF1FBE689ABEA /* libPods-HromadskyiPatrul.a */; };
		B10721261C6B33F10054443A /* HRPLoginViewModel.m in Sources */ = {isa = PBXBuildFile; fileRef = B12804FB1C25432D0058BAC8 /* HRPLoginViewModel.m */; };
		B10721271C6B33F10054443A /* HRPLoginViewController.m in Sources */ = {isa = PBXBuildFile; fileRef = B128052B1C25795C0058BAC8 /* HRPLoginViewController.m */; };
		B10721281C6B33F10054443A /* UIImage+ChangeOriginalImage.m in Sources */ = {isa = PBXBuildFile; fileRef = B12805421C257A370058BAC8 /* UIImage+ChangeOriginalImage.m */; };
		B10721291C6B33F10054443A /* HRPVideoPlayerViewController.m in Sources */ = {isa = PBXBuildFile; fileRef = B12805541C257B240058BAC8 /* HRPVideoPlayerViewController.m */; };
		B107212A1C6B33F10054443A /* HRPNavigationController.m in Sources */ = {isa = PBXBuildFile; fileRef = B12805481C257A620058BAC8 /* HRPNavigationController.m */; };
		B107212B1C6B33F10054443A /* HRPMainViewModel.m in Sources */ = {isa = PBXBuildFile; fileRef = B12805251C2578E30058BAC8 /* HRPMainViewModel.m */; };
		B107212C1C6B33F10054443A /* HRPPhotoPreviewViewController.m in Sources */ = {isa = PBXBuildFile; fileRef = B12805521C257B240058BAC8 /* HRPPhotoPreviewViewController.m */; };
		B107212D1C6B33F10054443A /* UIViewController+NavigationBar.m in Sources */ = {isa = PBXBuildFile; fileRef = B128056F1C2582950058BAC8 /* UIViewController+NavigationBar.m */; };
		B107212E1C6B33F10054443A /* HRPLocations.m in Sources */ = {isa = PBXBuildFile; fileRef = B12805351C257A0F0058BAC8 /* HRPLocations.m */; };
		B107212F1C6B33F10054443A /* HRPLabel.m in Sources */ = {isa = PBXBuildFile; fileRef = B12805751C2591F60058BAC8 /* HRPLabel.m */; };
		B10721301C6B33F10054443A /* HRPCollectionViewController.m in Sources */ = {isa = PBXBuildFile; fileRef = B1D9BA3F1C27072D00A98EEB /* HRPCollectionViewController.m */; };
		B10721311C6B33F10054443A /* HRPViolationCell.m in Sources */ = {isa = PBXBuildFile; fileRef = B12805391C257A0F0058BAC8 /* HRPViolationCell.m */; };
		B10721321C6B33F10054443A /* HRPAppDelegate.m in Sources */ = {isa = PBXBuildFile; fileRef = B1AC89871B879A06009D12D6 /* HRPAppDelegate.m */; };
		B10721331C6B33F10054443A /* HRPVideoPreview.m in Sources */ = {isa = PBXBuildFile; fileRef = B1E751331C340E040034FCC6 /* HRPVideoPreview.m */; };
		B10721341C6B33F10054443A /* HRPVideoRecordViewController.m in Sources */ = {isa = PBXBuildFile; fileRef = B12805721C258B6A0058BAC8 /* HRPVideoRecordViewController.m */; };
		B10721351C6B33F10054443A /* HRPButton.m in Sources */ = {isa = PBXBuildFile; fileRef = B12805311C257A0F0058BAC8 /* HRPButton.m */; };
		B10721361C6B33F10054443A /* HRPBaseViewController.m in Sources */ = {isa = PBXBuildFile; fileRef = B12805461C257A620058BAC8 /* HRPBaseViewController.m */; };
		B10721371C6B33F10054443A /* HRPVideoRecordView.m in Sources */ = {isa = PBXBuildFile; fileRef = B1C07F041C21DD98002868F9 /* HRPVideoRecordView.m */; };
		B10721381C6B33F10054443A /* HRPSettingsViewController.m in Sources */ = {isa = PBXBuildFile; fileRef = B128054F1C257AD40058BAC8 /* HRPSettingsViewController.m */; };
		B10721391C6B33F10054443A /* HRPMainViewController.m in Sources */ = {isa = PBXBuildFile; fileRef = B12805281C25791D0058BAC8 /* HRPMainViewController.m */; };
		B107213A1C6B33F10054443A /* main.m in Sources */ = {isa = PBXBuildFile; fileRef = B1AC89841B879A06009D12D6 /* main.m */; };
		B107213B1C6B33F10054443A /* HRPCameraManager.m in Sources */ = {isa = PBXBuildFile; fileRef = B128052E1C2579B00058BAC8 /* HRPCameraManager.m */; };
		B107213C1C6B33F10054443A /* UIColor+HexColor.m in Sources */ = {isa = PBXBuildFile; fileRef = B12805401C257A370058BAC8 /* UIColor+HexColor.m */; };
		B107213D1C6B33F10054443A /* HRPSettingsViewModel.m in Sources */ = {isa = PBXBuildFile; fileRef = B1DFDBB41C36B9A000883D90 /* HRPSettingsViewModel.m */; };
		B107213E1C6B33F10054443A /* HRPImage.m in Sources */ = {isa = PBXBuildFile; fileRef = B12805331C257A0F0058BAC8 /* HRPImage.m */; };
		B107213F1C6B33F10054443A /* HromadskyiPatrul.xcdatamodeld in Sources */ = {isa = PBXBuildFile; fileRef = B128054B1C257A8D0058BAC8 /* HromadskyiPatrul.xcdatamodeld */; };
		B10721401C6B33F10054443A /* HRPPhoto.m in Sources */ = {isa = PBXBuildFile; fileRef = B12805371C257A0F0058BAC8 /* HRPPhoto.m */; };
		B10721421C6B33F10054443A /* MediaPlayer.framework in Frameworks */ = {isa = PBXBuildFile; fileRef = B1669E1C1BD657C500C4156D /* MediaPlayer.framework */; };
		B10721431C6B33F10054443A /* SystemConfiguration.framework in Frameworks */ = {isa = PBXBuildFile; fileRef = B18F75AF1B95A3B600143338 /* SystemConfiguration.framework */; };
		B10721441C6B33F10054443A /* MobileCoreServices.framework in Frameworks */ = {isa = PBXBuildFile; fileRef = B1EE06CA1B8F878B00CD3A03 /* MobileCoreServices.framework */; };
		B10721451C6B33F10054443A /* CoreLocation.framework in Frameworks */ = {isa = PBXBuildFile; fileRef = B1EE06C31B8F621C00CD3A03 /* CoreLocation.framework */; };
		B10721461C6B33F10054443A /* AssetsLibrary.framework in Frameworks */ = {isa = PBXBuildFile; fileRef = B1AFA9691B8E25AB00FBE416 /* AssetsLibrary.framework */; };
		B10721471C6B33F10054443A /* libPods-HromadskyiPatrul.a in Frameworks */ = {isa = PBXBuildFile; fileRef = 60376B1ED92CF1FBE689ABEA /* libPods-HromadskyiPatrul.a */; };
		B107214C1C6B33F10054443A /* Images.xcassets in Resources */ = {isa = PBXBuildFile; fileRef = B12805221C25781A0058BAC8 /* Images.xcassets */; };
		B107214F1C6B33F10054443A /* Builds in Resources */ = {isa = PBXBuildFile; fileRef = B1AC89AD1B879A29009D12D6 /* Builds */; };
		B10721511C6B33F10054443A /* Localizable.strings in Resources */ = {isa = PBXBuildFile; fileRef = B1AC89B31B879C8B009D12D6 /* Localizable.strings */; };
		B10721521C6B33F10054443A /* Main.storyboard in Resources */ = {isa = PBXBuildFile; fileRef = B1AC898F1B879A07009D12D6 /* Main.storyboard */; };
		B10721531C6B33F10054443A /* LaunchScreen.xib in Resources */ = {isa = PBXBuildFile; fileRef = B1AC89941B879A07009D12D6 /* LaunchScreen.xib */; };
		B11341311C301114000693B9 /* MediaPlayer.framework in Frameworks */ = {isa = PBXBuildFile; fileRef = B1669E1C1BD657C500C4156D /* MediaPlayer.framework */; };
		B12804FC1C25432D0058BAC8 /* HRPLoginViewModel.m in Sources */ = {isa = PBXBuildFile; fileRef = B12804FB1C25432D0058BAC8 /* HRPLoginViewModel.m */; };
		B12805231C25781A0058BAC8 /* Images.xcassets in Resources */ = {isa = PBXBuildFile; fileRef = B12805221C25781A0058BAC8 /* Images.xcassets */; };
		B12805261C2578E30058BAC8 /* HRPMainViewModel.m in Sources */ = {isa = PBXBuildFile; fileRef = B12805251C2578E30058BAC8 /* HRPMainViewModel.m */; };
		B12805291C25791D0058BAC8 /* HRPMainViewController.m in Sources */ = {isa = PBXBuildFile; fileRef = B12805281C25791D0058BAC8 /* HRPMainViewController.m */; };
		B128052C1C25795C0058BAC8 /* HRPLoginViewController.m in Sources */ = {isa = PBXBuildFile; fileRef = B128052B1C25795C0058BAC8 /* HRPLoginViewController.m */; };
		B128052F1C2579B00058BAC8 /* HRPCameraManager.m in Sources */ = {isa = PBXBuildFile; fileRef = B128052E1C2579B00058BAC8 /* HRPCameraManager.m */; };
		B128053A1C257A0F0058BAC8 /* HRPButton.m in Sources */ = {isa = PBXBuildFile; fileRef = B12805311C257A0F0058BAC8 /* HRPButton.m */; };
		B128053B1C257A0F0058BAC8 /* HRPImage.m in Sources */ = {isa = PBXBuildFile; fileRef = B12805331C257A0F0058BAC8 /* HRPImage.m */; };
		B128053C1C257A0F0058BAC8 /* HRPLocations.m in Sources */ = {isa = PBXBuildFile; fileRef = B12805351C257A0F0058BAC8 /* HRPLocations.m */; };
		B128053D1C257A0F0058BAC8 /* HRPPhoto.m in Sources */ = {isa = PBXBuildFile; fileRef = B12805371C257A0F0058BAC8 /* HRPPhoto.m */; };
		B128053E1C257A0F0058BAC8 /* HRPViolationCell.m in Sources */ = {isa = PBXBuildFile; fileRef = B12805391C257A0F0058BAC8 /* HRPViolationCell.m */; };
		B12805431C257A370058BAC8 /* UIColor+HexColor.m in Sources */ = {isa = PBXBuildFile; fileRef = B12805401C257A370058BAC8 /* UIColor+HexColor.m */; };
		B12805441C257A370058BAC8 /* UIImage+ChangeOriginalImage.m in Sources */ = {isa = PBXBuildFile; fileRef = B12805421C257A370058BAC8 /* UIImage+ChangeOriginalImage.m */; };
		B12805491C257A620058BAC8 /* HRPBaseViewController.m in Sources */ = {isa = PBXBuildFile; fileRef = B12805461C257A620058BAC8 /* HRPBaseViewController.m */; };
		B128054A1C257A620058BAC8 /* HRPNavigationController.m in Sources */ = {isa = PBXBuildFile; fileRef = B12805481C257A620058BAC8 /* HRPNavigationController.m */; };
		B128054D1C257A8D0058BAC8 /* HromadskyiPatrul.xcdatamodeld in Sources */ = {isa = PBXBuildFile; fileRef = B128054B1C257A8D0058BAC8 /* HromadskyiPatrul.xcdatamodeld */; };
		B12805501C257AD40058BAC8 /* HRPSettingsViewController.m in Sources */ = {isa = PBXBuildFile; fileRef = B128054F1C257AD40058BAC8 /* HRPSettingsViewController.m */; };
		B12805551C257B240058BAC8 /* HRPPhotoPreviewViewController.m in Sources */ = {isa = PBXBuildFile; fileRef = B12805521C257B240058BAC8 /* HRPPhotoPreviewViewController.m */; };
		B12805561C257B240058BAC8 /* HRPVideoPlayerViewController.m in Sources */ = {isa = PBXBuildFile; fileRef = B12805541C257B240058BAC8 /* HRPVideoPlayerViewController.m */; };
		B12805701C2582950058BAC8 /* UIViewController+NavigationBar.m in Sources */ = {isa = PBXBuildFile; fileRef = B128056F1C2582950058BAC8 /* UIViewController+NavigationBar.m */; };
		B12805731C258B6A0058BAC8 /* HRPVideoRecordViewController.m in Sources */ = {isa = PBXBuildFile; fileRef = B12805721C258B6A0058BAC8 /* HRPVideoRecordViewController.m */; };
		B12805761C2591F60058BAC8 /* HRPLabel.m in Sources */ = {isa = PBXBuildFile; fileRef = B12805751C2591F60058BAC8 /* HRPLabel.m */; };
		B18F75B01B95A3B600143338 /* SystemConfiguration.framework in Frameworks */ = {isa = PBXBuildFile; fileRef = B18F75AF1B95A3B600143338 /* SystemConfiguration.framework */; };
		B199085E1CA3F1B2003228AB /* HRPCameraController.m in Sources */ = {isa = PBXBuildFile; fileRef = B199085D1CA3F1B2003228AB /* HRPCameraController.m */; };
		B199085F1CA3F594003228AB /* HRPCameraController.m in Sources */ = {isa = PBXBuildFile; fileRef = B199085D1CA3F1B2003228AB /* HRPCameraController.m */; };
		B19B18121CC75230008D9110 /* HRPViolationManager.m in Sources */ = {isa = PBXBuildFile; fileRef = B19B180E1CC75230008D9110 /* HRPViolationManager.m */; };
		B19B18131CC75230008D9110 /* HRPViolationManager.m in Sources */ = {isa = PBXBuildFile; fileRef = B19B180E1CC75230008D9110 /* HRPViolationManager.m */; };
		B19B18141CC75230008D9110 /* HRPViolation.m in Sources */ = {isa = PBXBuildFile; fileRef = B19B18101CC75230008D9110 /* HRPViolation.m */; };
		B19B18151CC75230008D9110 /* HRPViolation.m in Sources */ = {isa = PBXBuildFile; fileRef = B19B18101CC75230008D9110 /* HRPViolation.m */; };
		B1AC89851B879A06009D12D6 /* main.m in Sources */ = {isa = PBXBuildFile; fileRef = B1AC89841B879A06009D12D6 /* main.m */; };
		B1AC89881B879A06009D12D6 /* HRPAppDelegate.m in Sources */ = {isa = PBXBuildFile; fileRef = B1AC89871B879A06009D12D6 /* HRPAppDelegate.m */; };
		B1AC89911B879A07009D12D6 /* Main.storyboard in Resources */ = {isa = PBXBuildFile; fileRef = B1AC898F1B879A07009D12D6 /* Main.storyboard */; };
		B1AC89961B879A07009D12D6 /* LaunchScreen.xib in Resources */ = {isa = PBXBuildFile; fileRef = B1AC89941B879A07009D12D6 /* LaunchScreen.xib */; };
		B1AC89A21B879A07009D12D6 /* HromadskyiPatrulTests.m in Sources */ = {isa = PBXBuildFile; fileRef = B1AC89A11B879A07009D12D6 /* HromadskyiPatrulTests.m */; };
		B1AC89AE1B879A29009D12D6 /* Builds in Resources */ = {isa = PBXBuildFile; fileRef = B1AC89AD1B879A29009D12D6 /* Builds */; };
		B1AC89B11B879C8B009D12D6 /* Localizable.strings in Resources */ = {isa = PBXBuildFile; fileRef = B1AC89B31B879C8B009D12D6 /* Localizable.strings */; };
		B1AFA96A1B8E25AB00FBE416 /* AssetsLibrary.framework in Frameworks */ = {isa = PBXBuildFile; fileRef = B1AFA9691B8E25AB00FBE416 /* AssetsLibrary.framework */; };
		B1C07F051C21DD98002868F9 /* HRPVideoRecordView.m in Sources */ = {isa = PBXBuildFile; fileRef = B1C07F041C21DD98002868F9 /* HRPVideoRecordView.m */; };
		B1C827761C946C4600AAEE4E /* CoreTelephony.framework in Frameworks */ = {isa = PBXBuildFile; fileRef = B1C827751C946C4600AAEE4E /* CoreTelephony.framework */; };
		B1D9BA401C27072D00A98EEB /* HRPCollectionViewController.m in Sources */ = {isa = PBXBuildFile; fileRef = B1D9BA3F1C27072D00A98EEB /* HRPCollectionViewController.m */; };
		B1DFDBB51C36B9A000883D90 /* HRPSettingsViewModel.m in Sources */ = {isa = PBXBuildFile; fileRef = B1DFDBB41C36B9A000883D90 /* HRPSettingsViewModel.m */; };
		B1E751341C340E040034FCC6 /* HRPVideoPreview.m in Sources */ = {isa = PBXBuildFile; fileRef = B1E751331C340E040034FCC6 /* HRPVideoPreview.m */; };
		B1EE06C41B8F621C00CD3A03 /* CoreLocation.framework in Frameworks */ = {isa = PBXBuildFile; fileRef = B1EE06C31B8F621C00CD3A03 /* CoreLocation.framework */; };
		B1EE06CB1B8F878B00CD3A03 /* MobileCoreServices.framework in Frameworks */ = {isa = PBXBuildFile; fileRef = B1EE06CA1B8F878B00CD3A03 /* MobileCoreServices.framework */; };
/* End PBXBuildFile section */

/* Begin PBXContainerItemProxy section */
		B1AC899C1B879A07009D12D6 /* PBXContainerItemProxy */ = {
			isa = PBXContainerItemProxy;
			containerPortal = B1AC89771B879A06009D12D6 /* Project object */;
			proxyType = 1;
			remoteGlobalIDString = B1AC897E1B879A06009D12D6;
			remoteInfo = HromadskyiPatrul;
		};
/* End PBXContainerItemProxy section */

/* Begin PBXFileReference section */
		500B3C870051FB8D469BD022 /* Pods-HromadskyiPatrul.debug.xcconfig */ = {isa = PBXFileReference; includeInIndex = 1; lastKnownFileType = text.xcconfig; name = "Pods-HromadskyiPatrul.debug.xcconfig"; path = "Pods/Target Support Files/Pods-HromadskyiPatrul/Pods-HromadskyiPatrul.debug.xcconfig"; sourceTree = "<group>"; };
		60376B1ED92CF1FBE689ABEA /* libPods-HromadskyiPatrul.a */ = {isa = PBXFileReference; explicitFileType = archive.ar; includeInIndex = 0; path = "libPods-HromadskyiPatrul.a"; sourceTree = BUILT_PRODUCTS_DIR; };
		789869B3BADE9EB6EB88D5DC /* Pods-HromadskyiPatrul.release.xcconfig */ = {isa = PBXFileReference; includeInIndex = 1; lastKnownFileType = text.xcconfig; name = "Pods-HromadskyiPatrul.release.xcconfig"; path = "Pods/Target Support Files/Pods-HromadskyiPatrul/Pods-HromadskyiPatrul.release.xcconfig"; sourceTree = "<group>"; };
		B107215C1C6B33F10054443A /* HromadskyiPatrul-Dev.app */ = {isa = PBXFileReference; explicitFileType = wrapper.application; includeInIndex = 0; path = "HromadskyiPatrul-Dev.app"; sourceTree = BUILT_PRODUCTS_DIR; };
		B107215D1C6B33F10054443A /* HromadskyiPatrul-Dev-Info.plist */ = {isa = PBXFileReference; lastKnownFileType = text.plist.xml; name = "HromadskyiPatrul-Dev-Info.plist"; path = "/Users/msm72/Projects/STFalcon/hromadskyi-patrul-app-ios/HromadskyiPatrul-Dev-Info.plist"; sourceTree = "<absolute>"; };
		B11B92861B9A115C00F03266 /* AVFoundation.framework */ = {isa = PBXFileReference; lastKnownFileType = wrapper.framework; name = AVFoundation.framework; path = System/Library/Frameworks/AVFoundation.framework; sourceTree = SDKROOT; };
		B11B92881B9A118600F03266 /* CoreGraphics.framework */ = {isa = PBXFileReference; lastKnownFileType = wrapper.framework; name = CoreGraphics.framework; path = System/Library/Frameworks/CoreGraphics.framework; sourceTree = SDKROOT; };
		B11B928A1B9A118E00F03266 /* Foundation.framework */ = {isa = PBXFileReference; lastKnownFileType = wrapper.framework; name = Foundation.framework; path = System/Library/Frameworks/Foundation.framework; sourceTree = SDKROOT; };
		B12804FA1C25432D0058BAC8 /* HRPLoginViewModel.h */ = {isa = PBXFileReference; fileEncoding = 4; lastKnownFileType = sourcecode.c.h; path = HRPLoginViewModel.h; sourceTree = "<group>"; };
		B12804FB1C25432D0058BAC8 /* HRPLoginViewModel.m */ = {isa = PBXFileReference; fileEncoding = 4; lastKnownFileType = sourcecode.c.objc; path = HRPLoginViewModel.m; sourceTree = "<group>"; };
		B12805221C25781A0058BAC8 /* Images.xcassets */ = {isa = PBXFileReference; lastKnownFileType = folder.assetcatalog; name = Images.xcassets; path = HromadskyiPatrul/Resources/Images.xcassets; sourceTree = SOURCE_ROOT; };
		B12805241C2578E30058BAC8 /* HRPMainViewModel.h */ = {isa = PBXFileReference; fileEncoding = 4; lastKnownFileType = sourcecode.c.h; path = HRPMainViewModel.h; sourceTree = "<group>"; };
		B12805251C2578E30058BAC8 /* HRPMainViewModel.m */ = {isa = PBXFileReference; fileEncoding = 4; lastKnownFileType = sourcecode.c.objc; path = HRPMainViewModel.m; sourceTree = "<group>"; };
		B12805271C25791D0058BAC8 /* HRPMainViewController.h */ = {isa = PBXFileReference; fileEncoding = 4; lastKnownFileType = sourcecode.c.h; path = HRPMainViewController.h; sourceTree = "<group>"; };
		B12805281C25791D0058BAC8 /* HRPMainViewController.m */ = {isa = PBXFileReference; fileEncoding = 4; lastKnownFileType = sourcecode.c.objc; path = HRPMainViewController.m; sourceTree = "<group>"; };
		B128052A1C25795C0058BAC8 /* HRPLoginViewController.h */ = {isa = PBXFileReference; fileEncoding = 4; lastKnownFileType = sourcecode.c.h; path = HRPLoginViewController.h; sourceTree = "<group>"; };
		B128052B1C25795C0058BAC8 /* HRPLoginViewController.m */ = {isa = PBXFileReference; fileEncoding = 4; lastKnownFileType = sourcecode.c.objc; path = HRPLoginViewController.m; sourceTree = "<group>"; };
		B128052D1C2579B00058BAC8 /* HRPCameraManager.h */ = {isa = PBXFileReference; fileEncoding = 4; lastKnownFileType = sourcecode.c.h; path = HRPCameraManager.h; sourceTree = "<group>"; };
		B128052E1C2579B00058BAC8 /* HRPCameraManager.m */ = {isa = PBXFileReference; fileEncoding = 4; lastKnownFileType = sourcecode.c.objc; path = HRPCameraManager.m; sourceTree = "<group>"; };
		B12805301C257A0F0058BAC8 /* HRPButton.h */ = {isa = PBXFileReference; fileEncoding = 4; lastKnownFileType = sourcecode.c.h; path = HRPButton.h; sourceTree = "<group>"; };
		B12805311C257A0F0058BAC8 /* HRPButton.m */ = {isa = PBXFileReference; fileEncoding = 4; lastKnownFileType = sourcecode.c.objc; path = HRPButton.m; sourceTree = "<group>"; };
		B12805321C257A0F0058BAC8 /* HRPImage.h */ = {isa = PBXFileReference; fileEncoding = 4; lastKnownFileType = sourcecode.c.h; path = HRPImage.h; sourceTree = "<group>"; };
		B12805331C257A0F0058BAC8 /* HRPImage.m */ = {isa = PBXFileReference; fileEncoding = 4; lastKnownFileType = sourcecode.c.objc; path = HRPImage.m; sourceTree = "<group>"; };
		B12805341C257A0F0058BAC8 /* HRPLocations.h */ = {isa = PBXFileReference; fileEncoding = 4; lastKnownFileType = sourcecode.c.h; path = HRPLocations.h; sourceTree = "<group>"; };
		B12805351C257A0F0058BAC8 /* HRPLocations.m */ = {isa = PBXFileReference; fileEncoding = 4; lastKnownFileType = sourcecode.c.objc; path = HRPLocations.m; sourceTree = "<group>"; };
		B12805361C257A0F0058BAC8 /* HRPPhoto.h */ = {isa = PBXFileReference; fileEncoding = 4; lastKnownFileType = sourcecode.c.h; path = HRPPhoto.h; sourceTree = "<group>"; };
		B12805371C257A0F0058BAC8 /* HRPPhoto.m */ = {isa = PBXFileReference; fileEncoding = 4; lastKnownFileType = sourcecode.c.objc; path = HRPPhoto.m; sourceTree = "<group>"; };
		B12805381C257A0F0058BAC8 /* HRPViolationCell.h */ = {isa = PBXFileReference; fileEncoding = 4; lastKnownFileType = sourcecode.c.h; path = HRPViolationCell.h; sourceTree = "<group>"; };
		B12805391C257A0F0058BAC8 /* HRPViolationCell.m */ = {isa = PBXFileReference; fileEncoding = 4; lastKnownFileType = sourcecode.c.objc; path = HRPViolationCell.m; sourceTree = "<group>"; };
		B128053F1C257A370058BAC8 /* UIColor+HexColor.h */ = {isa = PBXFileReference; fileEncoding = 4; lastKnownFileType = sourcecode.c.h; path = "UIColor+HexColor.h"; sourceTree = "<group>"; };
		B12805401C257A370058BAC8 /* UIColor+HexColor.m */ = {isa = PBXFileReference; fileEncoding = 4; lastKnownFileType = sourcecode.c.objc; path = "UIColor+HexColor.m"; sourceTree = "<group>"; };
		B12805411C257A370058BAC8 /* UIImage+ChangeOriginalImage.h */ = {isa = PBXFileReference; fileEncoding = 4; lastKnownFileType = sourcecode.c.h; path = "UIImage+ChangeOriginalImage.h"; sourceTree = "<group>"; };
		B12805421C257A370058BAC8 /* UIImage+ChangeOriginalImage.m */ = {isa = PBXFileReference; fileEncoding = 4; lastKnownFileType = sourcecode.c.objc; path = "UIImage+ChangeOriginalImage.m"; sourceTree = "<group>"; };
		B12805451C257A620058BAC8 /* HRPBaseViewController.h */ = {isa = PBXFileReference; fileEncoding = 4; lastKnownFileType = sourcecode.c.h; path = HRPBaseViewController.h; sourceTree = "<group>"; };
		B12805461C257A620058BAC8 /* HRPBaseViewController.m */ = {isa = PBXFileReference; fileEncoding = 4; lastKnownFileType = sourcecode.c.objc; path = HRPBaseViewController.m; sourceTree = "<group>"; };
		B12805471C257A620058BAC8 /* HRPNavigationController.h */ = {isa = PBXFileReference; fileEncoding = 4; lastKnownFileType = sourcecode.c.h; path = HRPNavigationController.h; sourceTree = "<group>"; };
		B12805481C257A620058BAC8 /* HRPNavigationController.m */ = {isa = PBXFileReference; fileEncoding = 4; lastKnownFileType = sourcecode.c.objc; path = HRPNavigationController.m; sourceTree = "<group>"; };
		B128054C1C257A8D0058BAC8 /* HromadskyiPatrul.xcdatamodel */ = {isa = PBXFileReference; lastKnownFileType = wrapper.xcdatamodel; path = HromadskyiPatrul.xcdatamodel; sourceTree = "<group>"; };
		B128054E1C257AD40058BAC8 /* HRPSettingsViewController.h */ = {isa = PBXFileReference; fileEncoding = 4; lastKnownFileType = sourcecode.c.h; path = HRPSettingsViewController.h; sourceTree = "<group>"; };
		B128054F1C257AD40058BAC8 /* HRPSettingsViewController.m */ = {isa = PBXFileReference; fileEncoding = 4; lastKnownFileType = sourcecode.c.objc; path = HRPSettingsViewController.m; sourceTree = "<group>"; };
		B12805511C257B240058BAC8 /* HRPPhotoPreviewViewController.h */ = {isa = PBXFileReference; fileEncoding = 4; lastKnownFileType = sourcecode.c.h; path = HRPPhotoPreviewViewController.h; sourceTree = "<group>"; };
		B12805521C257B240058BAC8 /* HRPPhotoPreviewViewController.m */ = {isa = PBXFileReference; fileEncoding = 4; lastKnownFileType = sourcecode.c.objc; path = HRPPhotoPreviewViewController.m; sourceTree = "<group>"; };
		B12805531C257B240058BAC8 /* HRPVideoPlayerViewController.h */ = {isa = PBXFileReference; fileEncoding = 4; lastKnownFileType = sourcecode.c.h; path = HRPVideoPlayerViewController.h; sourceTree = "<group>"; };
		B12805541C257B240058BAC8 /* HRPVideoPlayerViewController.m */ = {isa = PBXFileReference; fileEncoding = 4; lastKnownFileType = sourcecode.c.objc; path = HRPVideoPlayerViewController.m; sourceTree = "<group>"; };
		B128056E1C2582950058BAC8 /* UIViewController+NavigationBar.h */ = {isa = PBXFileReference; fileEncoding = 4; lastKnownFileType = sourcecode.c.h; path = "UIViewController+NavigationBar.h"; sourceTree = "<group>"; };
		B128056F1C2582950058BAC8 /* UIViewController+NavigationBar.m */ = {isa = PBXFileReference; fileEncoding = 4; lastKnownFileType = sourcecode.c.objc; path = "UIViewController+NavigationBar.m"; sourceTree = "<group>"; };
		B12805711C258B6A0058BAC8 /* HRPVideoRecordViewController.h */ = {isa = PBXFileReference; fileEncoding = 4; lastKnownFileType = sourcecode.c.h; path = HRPVideoRecordViewController.h; sourceTree = "<group>"; };
		B12805721C258B6A0058BAC8 /* HRPVideoRecordViewController.m */ = {isa = PBXFileReference; fileEncoding = 4; lastKnownFileType = sourcecode.c.objc; path = HRPVideoRecordViewController.m; sourceTree = "<group>"; };
		B12805741C2591F60058BAC8 /* HRPLabel.h */ = {isa = PBXFileReference; fileEncoding = 4; lastKnownFileType = sourcecode.c.h; path = HRPLabel.h; sourceTree = "<group>"; };
		B12805751C2591F60058BAC8 /* HRPLabel.m */ = {isa = PBXFileReference; fileEncoding = 4; lastKnownFileType = sourcecode.c.objc; path = HRPLabel.m; sourceTree = "<group>"; };
		B13B0F161B94B33700247CF1 /* Photos.framework */ = {isa = PBXFileReference; lastKnownFileType = wrapper.framework; name = Photos.framework; path = System/Library/Frameworks/Photos.framework; sourceTree = SDKROOT; };
		B1669E1C1BD657C500C4156D /* MediaPlayer.framework */ = {isa = PBXFileReference; lastKnownFileType = wrapper.framework; name = MediaPlayer.framework; path = System/Library/Frameworks/MediaPlayer.framework; sourceTree = SDKROOT; };
		B18F75AF1B95A3B600143338 /* SystemConfiguration.framework */ = {isa = PBXFileReference; lastKnownFileType = wrapper.framework; name = SystemConfiguration.framework; path = System/Library/Frameworks/SystemConfiguration.framework; sourceTree = SDKROOT; };
		B199085C1CA3F1B2003228AB /* HRPCameraController.h */ = {isa = PBXFileReference; fileEncoding = 4; lastKnownFileType = sourcecode.c.h; path = HRPCameraController.h; sourceTree = "<group>"; };
		B199085D1CA3F1B2003228AB /* HRPCameraController.m */ = {isa = PBXFileReference; fileEncoding = 4; lastKnownFileType = sourcecode.c.objc; path = HRPCameraController.m; sourceTree = "<group>"; };
		B19B180E1CC75230008D9110 /* HRPViolationManager.m */ = {isa = PBXFileReference; fileEncoding = 4; lastKnownFileType = sourcecode.c.objc; path = HRPViolationManager.m; sourceTree = "<group>"; };
		B19B180F1CC75230008D9110 /* HRPViolationManager.h */ = {isa = PBXFileReference; fileEncoding = 4; lastKnownFileType = sourcecode.c.h; path = HRPViolationManager.h; sourceTree = "<group>"; };
		B19B18101CC75230008D9110 /* HRPViolation.m */ = {isa = PBXFileReference; fileEncoding = 4; lastKnownFileType = sourcecode.c.objc; path = HRPViolation.m; sourceTree = "<group>"; };
		B19B18111CC75230008D9110 /* HRPViolation.h */ = {isa = PBXFileReference; fileEncoding = 4; lastKnownFileType = sourcecode.c.h; path = HRPViolation.h; sourceTree = "<group>"; };
		B1AC897F1B879A06009D12D6 /* HromadskyiPatrul.app */ = {isa = PBXFileReference; explicitFileType = wrapper.application; includeInIndex = 0; path = HromadskyiPatrul.app; sourceTree = BUILT_PRODUCTS_DIR; };
		B1AC89831B879A06009D12D6 /* Info.plist */ = {isa = PBXFileReference; lastKnownFileType = text.plist.xml; path = Info.plist; sourceTree = "<group>"; };
		B1AC89841B879A06009D12D6 /* main.m */ = {isa = PBXFileReference; lastKnownFileType = sourcecode.c.objc; path = main.m; sourceTree = "<group>"; };
		B1AC89861B879A06009D12D6 /* HRPAppDelegate.h */ = {isa = PBXFileReference; lastKnownFileType = sourcecode.c.h; path = HRPAppDelegate.h; sourceTree = "<group>"; };
		B1AC89871B879A06009D12D6 /* HRPAppDelegate.m */ = {isa = PBXFileReference; lastKnownFileType = sourcecode.c.objc; path = HRPAppDelegate.m; sourceTree = "<group>"; };
		B1AC89901B879A07009D12D6 /* Base */ = {isa = PBXFileReference; lastKnownFileType = file.storyboard; name = Base; path = Base.lproj/Main.storyboard; sourceTree = "<group>"; };
		B1AC89951B879A07009D12D6 /* Base */ = {isa = PBXFileReference; lastKnownFileType = file.xib; name = Base; path = Base.lproj/LaunchScreen.xib; sourceTree = "<group>"; };
		B1AC899B1B879A07009D12D6 /* HromadskyiPatrulTests.xctest */ = {isa = PBXFileReference; explicitFileType = wrapper.cfbundle; includeInIndex = 0; path = HromadskyiPatrulTests.xctest; sourceTree = BUILT_PRODUCTS_DIR; };
		B1AC89A01B879A07009D12D6 /* Info.plist */ = {isa = PBXFileReference; lastKnownFileType = text.plist.xml; path = Info.plist; sourceTree = "<group>"; };
		B1AC89A11B879A07009D12D6 /* HromadskyiPatrulTests.m */ = {isa = PBXFileReference; lastKnownFileType = sourcecode.c.objc; path = HromadskyiPatrulTests.m; sourceTree = "<group>"; };
		B1AC89AD1B879A29009D12D6 /* Builds */ = {isa = PBXFileReference; fileEncoding = 4; lastKnownFileType = text; path = Builds; sourceTree = "<group>"; };
		B1AC89B21B879C8B009D12D6 /* en */ = {isa = PBXFileReference; lastKnownFileType = text.plist.strings; name = en; path = en.lproj/Localizable.strings; sourceTree = "<group>"; };
		B1AC89B41B879C91009D12D6 /* Base */ = {isa = PBXFileReference; lastKnownFileType = text.plist.strings; name = Base; path = Base.lproj/Localizable.strings; sourceTree = "<group>"; };
		B1AC89B51B879CE3009D12D6 /* ru */ = {isa = PBXFileReference; lastKnownFileType = text.plist.strings; name = ru; path = ru.lproj/Localizable.strings; sourceTree = "<group>"; };
		B1AC89B61B879CEC009D12D6 /* uk */ = {isa = PBXFileReference; lastKnownFileType = text.plist.strings; name = uk; path = uk.lproj/Localizable.strings; sourceTree = "<group>"; };
		B1AFA9691B8E25AB00FBE416 /* AssetsLibrary.framework */ = {isa = PBXFileReference; lastKnownFileType = wrapper.framework; name = AssetsLibrary.framework; path = System/Library/Frameworks/AssetsLibrary.framework; sourceTree = SDKROOT; };
		B1C07F031C21DD98002868F9 /* HRPVideoRecordView.h */ = {isa = PBXFileReference; fileEncoding = 4; lastKnownFileType = sourcecode.c.h; path = HRPVideoRecordView.h; sourceTree = "<group>"; };
		B1C07F041C21DD98002868F9 /* HRPVideoRecordView.m */ = {isa = PBXFileReference; fileEncoding = 4; lastKnownFileType = sourcecode.c.objc; path = HRPVideoRecordView.m; sourceTree = "<group>"; };
		B1C827751C946C4600AAEE4E /* CoreTelephony.framework */ = {isa = PBXFileReference; lastKnownFileType = wrapper.framework; name = CoreTelephony.framework; path = System/Library/Frameworks/CoreTelephony.framework; sourceTree = SDKROOT; };
		B1D9BA3E1C27072D00A98EEB /* HRPCollectionViewController.h */ = {isa = PBXFileReference; fileEncoding = 4; lastKnownFileType = sourcecode.c.h; path = HRPCollectionViewController.h; sourceTree = "<group>"; };
		B1D9BA3F1C27072D00A98EEB /* HRPCollectionViewController.m */ = {isa = PBXFileReference; fileEncoding = 4; lastKnownFileType = sourcecode.c.objc; path = HRPCollectionViewController.m; sourceTree = "<group>"; };
		B1DFDBB31C36B9A000883D90 /* HRPSettingsViewModel.h */ = {isa = PBXFileReference; fileEncoding = 4; lastKnownFileType = sourcecode.c.h; name = HRPSettingsViewModel.h; path = "HromadskyiPatrul/Record Video Scene/Model/HRPSettingsViewModel.h"; sourceTree = SOURCE_ROOT; };
		B1DFDBB41C36B9A000883D90 /* HRPSettingsViewModel.m */ = {isa = PBXFileReference; fileEncoding = 4; lastKnownFileType = sourcecode.c.objc; name = HRPSettingsViewModel.m; path = "HromadskyiPatrul/Record Video Scene/Model/HRPSettingsViewModel.m"; sourceTree = SOURCE_ROOT; };
		B1E751321C340E040034FCC6 /* HRPVideoPreview.h */ = {isa = PBXFileReference; fileEncoding = 4; lastKnownFileType = sourcecode.c.h; path = HRPVideoPreview.h; sourceTree = "<group>"; };
		B1E751331C340E040034FCC6 /* HRPVideoPreview.m */ = {isa = PBXFileReference; fileEncoding = 4; lastKnownFileType = sourcecode.c.objc; path = HRPVideoPreview.m; sourceTree = "<group>"; };
		B1EE06C31B8F621C00CD3A03 /* CoreLocation.framework */ = {isa = PBXFileReference; lastKnownFileType = wrapper.framework; name = CoreLocation.framework; path = System/Library/Frameworks/CoreLocation.framework; sourceTree = SDKROOT; };
		B1EE06CA1B8F878B00CD3A03 /* MobileCoreServices.framework */ = {isa = PBXFileReference; lastKnownFileType = wrapper.framework; name = MobileCoreServices.framework; path = System/Library/Frameworks/MobileCoreServices.framework; sourceTree = SDKROOT; };
/* End PBXFileReference section */

/* Begin PBXFrameworksBuildPhase section */
		B10721411C6B33F10054443A /* Frameworks */ = {
			isa = PBXFrameworksBuildPhase;
			buildActionMask = 2147483647;
			files = (
				B10721421C6B33F10054443A /* MediaPlayer.framework in Frameworks */,
				B10721431C6B33F10054443A /* SystemConfiguration.framework in Frameworks */,
				B10721441C6B33F10054443A /* MobileCoreServices.framework in Frameworks */,
				B10721451C6B33F10054443A /* CoreLocation.framework in Frameworks */,
				B10721461C6B33F10054443A /* AssetsLibrary.framework in Frameworks */,
				B10721471C6B33F10054443A /* libPods-HromadskyiPatrul.a in Frameworks */,
			);
			runOnlyForDeploymentPostprocessing = 0;
		};
		B1AC897C1B879A06009D12D6 /* Frameworks */ = {
			isa = PBXFrameworksBuildPhase;
			buildActionMask = 2147483647;
			files = (
				B1C827761C946C4600AAEE4E /* CoreTelephony.framework in Frameworks */,
				B11341311C301114000693B9 /* MediaPlayer.framework in Frameworks */,
				B18F75B01B95A3B600143338 /* SystemConfiguration.framework in Frameworks */,
				B1EE06CB1B8F878B00CD3A03 /* MobileCoreServices.framework in Frameworks */,
				B1EE06C41B8F621C00CD3A03 /* CoreLocation.framework in Frameworks */,
				B1AFA96A1B8E25AB00FBE416 /* AssetsLibrary.framework in Frameworks */,
				A1BC5C24503B1AE9AC17118E /* libPods-HromadskyiPatrul.a in Frameworks */,
			);
			runOnlyForDeploymentPostprocessing = 0;
		};
		B1AC89981B879A07009D12D6 /* Frameworks */ = {
			isa = PBXFrameworksBuildPhase;
			buildActionMask = 2147483647;
			files = (
			);
			runOnlyForDeploymentPostprocessing = 0;
		};
/* End PBXFrameworksBuildPhase section */

/* Begin PBXGroup section */
		866BE91730CC59D56766BD2F /* Frameworks */ = {
			isa = PBXGroup;
			children = (
				B1C827751C946C4600AAEE4E /* CoreTelephony.framework */,
				B1669E1C1BD657C500C4156D /* MediaPlayer.framework */,
				B11B928A1B9A118E00F03266 /* Foundation.framework */,
				B11B92881B9A118600F03266 /* CoreGraphics.framework */,
				B11B92861B9A115C00F03266 /* AVFoundation.framework */,
				B18F75AF1B95A3B600143338 /* SystemConfiguration.framework */,
				B13B0F161B94B33700247CF1 /* Photos.framework */,
				B1EE06CA1B8F878B00CD3A03 /* MobileCoreServices.framework */,
				B1EE06C31B8F621C00CD3A03 /* CoreLocation.framework */,
				B1AFA9691B8E25AB00FBE416 /* AssetsLibrary.framework */,
				60376B1ED92CF1FBE689ABEA /* libPods-HromadskyiPatrul.a */,
			);
			name = Frameworks;
			sourceTree = "<group>";
		};
		888F1DF95E2DFDDC51107D6B /* Pods */ = {
			isa = PBXGroup;
			children = (
				500B3C870051FB8D469BD022 /* Pods-HromadskyiPatrul.debug.xcconfig */,
				789869B3BADE9EB6EB88D5DC /* Pods-HromadskyiPatrul.release.xcconfig */,
			);
			name = Pods;
			sourceTree = "<group>";
		};
		B12804F71C25425B0058BAC8 /* Login Scene */ = {
			isa = PBXGroup;
			children = (
				B12804F91C2543000058BAC8 /* Model */,
				B12804F81C2542900058BAC8 /* Controller */,
			);
			path = "Login Scene";
			sourceTree = "<group>";
		};
		B12804F81C2542900058BAC8 /* Controller */ = {
			isa = PBXGroup;
			children = (
				B128052A1C25795C0058BAC8 /* HRPLoginViewController.h */,
				B128052B1C25795C0058BAC8 /* HRPLoginViewController.m */,
			);
			path = Controller;
			sourceTree = "<group>";
		};
		B12804F91C2543000058BAC8 /* Model */ = {
			isa = PBXGroup;
			children = (
				B12804FA1C25432D0058BAC8 /* HRPLoginViewModel.h */,
				B12804FB1C25432D0058BAC8 /* HRPLoginViewModel.m */,
			);
			path = Model;
			sourceTree = "<group>";
		};
		B12805101C2576AA0058BAC8 /* Resources */ = {
			isa = PBXGroup;
			children = (
				B12805221C25781A0058BAC8 /* Images.xcassets */,
				B1AC898F1B879A07009D12D6 /* Main.storyboard */,
				B1AC89941B879A07009D12D6 /* LaunchScreen.xib */,
			);
			path = Resources;
			sourceTree = "<group>";
		};
		B180FDC41C76FFE5004FF855 /* Model */ = {
			isa = PBXGroup;
			children = (
				B19B180E1CC75230008D9110 /* HRPViolationManager.m */,
				B19B180F1CC75230008D9110 /* HRPViolationManager.h */,
				B19B18101CC75230008D9110 /* HRPViolation.m */,
				B19B18111CC75230008D9110 /* HRPViolation.h */,
			);
			path = Model;
			sourceTree = "<group>";
		};
		B19C10361C1C41BF007BB9FE /* Record Video Scene  */ = {
			isa = PBXGroup;
			children = (
				B1C07EFF1C21DC4F002868F9 /* View */,
				B19C10381C1C41CE007BB9FE /* Controller */,
			);
			name = "Record Video Scene ";
			path = "Record Video Scene";
			sourceTree = "<group>";
		};
		B19C10381C1C41CE007BB9FE /* Controller */ = {
			isa = PBXGroup;
			children = (
				B12805711C258B6A0058BAC8 /* HRPVideoRecordViewController.h */,
				B12805721C258B6A0058BAC8 /* HRPVideoRecordViewController.m */,
				B199085C1CA3F1B2003228AB /* HRPCameraController.h */,
				B199085D1CA3F1B2003228AB /* HRPCameraController.m */,
			);
			path = Controller;
			sourceTree = "<group>";
		};
		B19C10401C1C4B24007BB9FE /* Main Scene */ = {
			isa = PBXGroup;
			children = (
				B19C104C1C1C4BEA007BB9FE /* Model */,
				B19C104A1C1C4BE5007BB9FE /* Controller */,
			);
			path = "Main Scene";
			sourceTree = "<group>";
		};
		B19C10411C1C4B51007BB9FE /* Media Collection Scene */ = {
			isa = PBXGroup;
			children = (
				B180FDC41C76FFE5004FF855 /* Model */,
				B19C10461C1C4B9F007BB9FE /* Controller */,
			);
			path = "Media Collection Scene";
			sourceTree = "<group>";
		};
		B19C10421C1C4B6C007BB9FE /* Media Preview Scene */ = {
			isa = PBXGroup;
			children = (
				B19C10441C1C4B7C007BB9FE /* Model */,
				B1E751311C340DD80034FCC6 /* View */,
				B19C10451C1C4B82007BB9FE /* Controller */,
			);
			path = "Media Preview Scene";
			sourceTree = "<group>";
		};
		B19C10441C1C4B7C007BB9FE /* Model */ = {
			isa = PBXGroup;
			children = (
			);
			path = Model;
			sourceTree = "<group>";
		};
		B19C10451C1C4B82007BB9FE /* Controller */ = {
			isa = PBXGroup;
			children = (
				B12805511C257B240058BAC8 /* HRPPhotoPreviewViewController.h */,
				B12805521C257B240058BAC8 /* HRPPhotoPreviewViewController.m */,
				B12805531C257B240058BAC8 /* HRPVideoPlayerViewController.h */,
				B12805541C257B240058BAC8 /* HRPVideoPlayerViewController.m */,
			);
			path = Controller;
			sourceTree = "<group>";
		};
		B19C10461C1C4B9F007BB9FE /* Controller */ = {
			isa = PBXGroup;
			children = (
				B1D9BA3E1C27072D00A98EEB /* HRPCollectionViewController.h */,
				B1D9BA3F1C27072D00A98EEB /* HRPCollectionViewController.m */,
			);
			path = Controller;
			sourceTree = "<group>";
		};
		B19C10491C1C4BC8007BB9FE /* View Controllers */ = {
			isa = PBXGroup;
			children = (
				B12805451C257A620058BAC8 /* HRPBaseViewController.h */,
				B12805461C257A620058BAC8 /* HRPBaseViewController.m */,
				B12805471C257A620058BAC8 /* HRPNavigationController.h */,
				B12805481C257A620058BAC8 /* HRPNavigationController.m */,
			);
			path = "View Controllers";
			sourceTree = "<group>";
		};
		B19C104A1C1C4BE5007BB9FE /* Controller */ = {
			isa = PBXGroup;
			children = (
				B12805271C25791D0058BAC8 /* HRPMainViewController.h */,
				B12805281C25791D0058BAC8 /* HRPMainViewController.m */,
			);
			path = Controller;
			sourceTree = "<group>";
		};
		B19C104C1C1C4BEA007BB9FE /* Model */ = {
			isa = PBXGroup;
			children = (
				B12805241C2578E30058BAC8 /* HRPMainViewModel.h */,
				B12805251C2578E30058BAC8 /* HRPMainViewModel.m */,
			);
			path = Model;
			sourceTree = "<group>";
		};
		B19C104D1C1C4C49007BB9FE /* Settings Scene */ = {
			isa = PBXGroup;
			children = (
				B19C10501C1C4C59007BB9FE /* Model */,
				B19C104E1C1C4C54007BB9FE /* Controller */,
			);
			path = "Settings Scene";
			sourceTree = "<group>";
		};
		B19C104E1C1C4C54007BB9FE /* Controller */ = {
			isa = PBXGroup;
			children = (
				B128054E1C257AD40058BAC8 /* HRPSettingsViewController.h */,
				B128054F1C257AD40058BAC8 /* HRPSettingsViewController.m */,
			);
			path = Controller;
			sourceTree = "<group>";
		};
		B19C10501C1C4C59007BB9FE /* Model */ = {
			isa = PBXGroup;
			children = (
				B1DFDBB31C36B9A000883D90 /* HRPSettingsViewModel.h */,
				B1DFDBB41C36B9A000883D90 /* HRPSettingsViewModel.m */,
			);
			path = Model;
			sourceTree = "<group>";
		};
		B1AC89761B879A06009D12D6 = {
			isa = PBXGroup;
			children = (
				B1AC89AD1B879A29009D12D6 /* Builds */,
				B1AC89811B879A06009D12D6 /* HromadskyiPatrul */,
				B1AC899E1B879A07009D12D6 /* HromadskyiPatrulTests */,
				B1AC89801B879A06009D12D6 /* Products */,
				888F1DF95E2DFDDC51107D6B /* Pods */,
				866BE91730CC59D56766BD2F /* Frameworks */,
			);
			sourceTree = "<group>";
		};
		B1AC89801B879A06009D12D6 /* Products */ = {
			isa = PBXGroup;
			children = (
				B1AC897F1B879A06009D12D6 /* HromadskyiPatrul.app */,
				B1AC899B1B879A07009D12D6 /* HromadskyiPatrulTests.xctest */,
				B107215C1C6B33F10054443A /* HromadskyiPatrul-Dev.app */,
			);
			name = Products;
			sourceTree = "<group>";
		};
		B1AC89811B879A06009D12D6 /* HromadskyiPatrul */ = {
			isa = PBXGroup;
			children = (
				B1AC89861B879A06009D12D6 /* HRPAppDelegate.h */,
				B1AC89871B879A06009D12D6 /* HRPAppDelegate.m */,
				B1AC89BA1B87A256009D12D6 /* Global */,
				B1AC89B71B87A002009D12D6 /* Core Data */,
				B19C10401C1C4B24007BB9FE /* Main Scene */,
				B12804F71C25425B0058BAC8 /* Login Scene */,
				B19C10361C1C41BF007BB9FE /* Record Video Scene  */,
				B19C10411C1C4B51007BB9FE /* Media Collection Scene */,
				B19C10421C1C4B6C007BB9FE /* Media Preview Scene */,
				B19C104D1C1C4C49007BB9FE /* Settings Scene */,
				B12805101C2576AA0058BAC8 /* Resources */,
				B1AC89821B879A06009D12D6 /* Supporting Files */,
			);
			path = HromadskyiPatrul;
			sourceTree = "<group>";
		};
		B1AC89821B879A06009D12D6 /* Supporting Files */ = {
			isa = PBXGroup;
			children = (
				B1AC89831B879A06009D12D6 /* Info.plist */,
				B107215D1C6B33F10054443A /* HromadskyiPatrul-Dev-Info.plist */,
				B1AC89841B879A06009D12D6 /* main.m */,
				B1AC89B31B879C8B009D12D6 /* Localizable.strings */,
			);
			name = "Supporting Files";
			sourceTree = "<group>";
		};
		B1AC899E1B879A07009D12D6 /* HromadskyiPatrulTests */ = {
			isa = PBXGroup;
			children = (
				B1AC89A11B879A07009D12D6 /* HromadskyiPatrulTests.m */,
				B1AC899F1B879A07009D12D6 /* Supporting Files */,
			);
			path = HromadskyiPatrulTests;
			sourceTree = "<group>";
		};
		B1AC899F1B879A07009D12D6 /* Supporting Files */ = {
			isa = PBXGroup;
			children = (
				B1AC89A01B879A07009D12D6 /* Info.plist */,
			);
			name = "Supporting Files";
			sourceTree = "<group>";
		};
		B1AC89B71B87A002009D12D6 /* Core Data */ = {
			isa = PBXGroup;
			children = (
				B128054B1C257A8D0058BAC8 /* HromadskyiPatrul.xcdatamodeld */,
			);
			path = "Core Data";
			sourceTree = "<group>";
		};
		B1AC89BA1B87A256009D12D6 /* Global */ = {
			isa = PBXGroup;
			children = (
				B1F007281C1C7E9F00944E74 /* Singletons */,
				B1AC89C11B87A79E009D12D6 /* Objects */,
				B1AC89C51B87AFDA009D12D6 /* Categories */,
				B19C10491C1C4BC8007BB9FE /* View Controllers */,
			);
			path = Global;
			sourceTree = "<group>";
		};
		B1AC89C11B87A79E009D12D6 /* Objects */ = {
			isa = PBXGroup;
			children = (
				B12805301C257A0F0058BAC8 /* HRPButton.h */,
				B12805311C257A0F0058BAC8 /* HRPButton.m */,
				B12805321C257A0F0058BAC8 /* HRPImage.h */,
				B12805331C257A0F0058BAC8 /* HRPImage.m */,
				B12805741C2591F60058BAC8 /* HRPLabel.h */,
				B12805751C2591F60058BAC8 /* HRPLabel.m */,
				B12805341C257A0F0058BAC8 /* HRPLocations.h */,
				B12805351C257A0F0058BAC8 /* HRPLocations.m */,
				B12805361C257A0F0058BAC8 /* HRPPhoto.h */,
				B12805371C257A0F0058BAC8 /* HRPPhoto.m */,
				B12805381C257A0F0058BAC8 /* HRPViolationCell.h */,
				B12805391C257A0F0058BAC8 /* HRPViolationCell.m */,
			);
			path = Objects;
			sourceTree = "<group>";
		};
		B1AC89C51B87AFDA009D12D6 /* Categories */ = {
			isa = PBXGroup;
			children = (
				B128053F1C257A370058BAC8 /* UIColor+HexColor.h */,
				B12805401C257A370058BAC8 /* UIColor+HexColor.m */,
				B12805411C257A370058BAC8 /* UIImage+ChangeOriginalImage.h */,
				B12805421C257A370058BAC8 /* UIImage+ChangeOriginalImage.m */,
				B128056E1C2582950058BAC8 /* UIViewController+NavigationBar.h */,
				B128056F1C2582950058BAC8 /* UIViewController+NavigationBar.m */,
			);
			path = Categories;
			sourceTree = "<group>";
		};
		B1C07EFF1C21DC4F002868F9 /* View */ = {
			isa = PBXGroup;
			children = (
				B1C07F031C21DD98002868F9 /* HRPVideoRecordView.h */,
				B1C07F041C21DD98002868F9 /* HRPVideoRecordView.m */,
			);
			path = View;
			sourceTree = "<group>";
		};
		B1E751311C340DD80034FCC6 /* View */ = {
			isa = PBXGroup;
			children = (
				B1E751321C340E040034FCC6 /* HRPVideoPreview.h */,
				B1E751331C340E040034FCC6 /* HRPVideoPreview.m */,
			);
			path = View;
			sourceTree = "<group>";
		};
		B1F007281C1C7E9F00944E74 /* Singletons */ = {
			isa = PBXGroup;
			children = (
				B128052D1C2579B00058BAC8 /* HRPCameraManager.h */,
				B128052E1C2579B00058BAC8 /* HRPCameraManager.m */,
			);
			path = Singletons;
			sourceTree = "<group>";
		};
/* End PBXGroup section */

/* Begin PBXNativeTarget section */
		B10721231C6B33F10054443A /* HromadskyiPatrul-Dev */ = {
			isa = PBXNativeTarget;
			buildConfigurationList = B10721591C6B33F10054443A /* Build configuration list for PBXNativeTarget "HromadskyiPatrul-Dev" */;
			buildPhases = (
				B10721241C6B33F10054443A /* Check Pods Manifest.lock */,
				B10721251C6B33F10054443A /* Sources */,
				B10721411C6B33F10054443A /* Frameworks */,
				B10721481C6B33F10054443A /* Resources */,
				B10721561C6B33F10054443A /* Copy Pods Resources */,
				B10721571C6B33F10054443A /* ShellScript */,
				B10721581C6B33F10054443A /* Embed Pods Frameworks */,
			);
			buildRules = (
			);
			dependencies = (
			);
			name = "HromadskyiPatrul-Dev";
			productName = HromadskyiPatrul;
			productReference = B107215C1C6B33F10054443A /* HromadskyiPatrul-Dev.app */;
			productType = "com.apple.product-type.application";
		};
		B1AC897E1B879A06009D12D6 /* HromadskyiPatrul */ = {
			isa = PBXNativeTarget;
			buildConfigurationList = B1AC89A51B879A07009D12D6 /* Build configuration list for PBXNativeTarget "HromadskyiPatrul" */;
			buildPhases = (
				24F9545FDF23C14556E72BD9 /* Check Pods Manifest.lock */,
				B1AC897B1B879A06009D12D6 /* Sources */,
				B1AC897C1B879A06009D12D6 /* Frameworks */,
				B1AC897D1B879A06009D12D6 /* Resources */,
				35CBCA4EEABE08B1EF8D2842 /* Copy Pods Resources */,
				B1AD29321B99F0340079D583 /* ShellScript */,
				45467B192DD5F6BBCCB4635D /* Embed Pods Frameworks */,
			);
			buildRules = (
			);
			dependencies = (
			);
			name = HromadskyiPatrul;
			productName = HromadskyiPatrul;
			productReference = B1AC897F1B879A06009D12D6 /* HromadskyiPatrul.app */;
			productType = "com.apple.product-type.application";
		};
		B1AC899A1B879A07009D12D6 /* HromadskyiPatrulTests */ = {
			isa = PBXNativeTarget;
			buildConfigurationList = B1AC89A81B879A07009D12D6 /* Build configuration list for PBXNativeTarget "HromadskyiPatrulTests" */;
			buildPhases = (
				B1AC89971B879A07009D12D6 /* Sources */,
				B1AC89981B879A07009D12D6 /* Frameworks */,
				B1AC89991B879A07009D12D6 /* Resources */,
			);
			buildRules = (
			);
			dependencies = (
				B1AC899D1B879A07009D12D6 /* PBXTargetDependency */,
			);
			name = HromadskyiPatrulTests;
			productName = HromadskyiPatrulTests;
			productReference = B1AC899B1B879A07009D12D6 /* HromadskyiPatrulTests.xctest */;
			productType = "com.apple.product-type.bundle.unit-test";
		};
/* End PBXNativeTarget section */

/* Begin PBXProject section */
		B1AC89771B879A06009D12D6 /* Project object */ = {
			isa = PBXProject;
			attributes = {
				LastUpgradeCheck = 0700;
				ORGANIZATIONNAME = "Monastyrskiy Sergey";
				TargetAttributes = {
					B10721231C6B33F10054443A = {
						DevelopmentTeam = HU8ZS7UX2R;
						SystemCapabilities = {
							com.apple.BackgroundModes = {
								enabled = 1;
							};
						};
					};
					B1AC897E1B879A06009D12D6 = {
						CreatedOnToolsVersion = 6.4;
						DevelopmentTeam = HU8ZS7UX2R;
						SystemCapabilities = {
							com.apple.BackgroundModes = {
								enabled = 1;
							};
						};
					};
					B1AC899A1B879A07009D12D6 = {
						CreatedOnToolsVersion = 6.4;
						TestTargetID = B1AC897E1B879A06009D12D6;
					};
				};
			};
			buildConfigurationList = B1AC897A1B879A06009D12D6 /* Build configuration list for PBXProject "HromadskyiPatrul" */;
			compatibilityVersion = "Xcode 3.2";
			developmentRegion = English;
			hasScannedForEncodings = 0;
			knownRegions = (
				en,
				Base,
				ru,
				uk,
			);
			mainGroup = B1AC89761B879A06009D12D6;
			productRefGroup = B1AC89801B879A06009D12D6 /* Products */;
			projectDirPath = "";
			projectRoot = "";
			targets = (
				B1AC897E1B879A06009D12D6 /* HromadskyiPatrul */,
				B1AC899A1B879A07009D12D6 /* HromadskyiPatrulTests */,
				B10721231C6B33F10054443A /* HromadskyiPatrul-Dev */,
			);
		};
/* End PBXProject section */

/* Begin PBXResourcesBuildPhase section */
		B10721481C6B33F10054443A /* Resources */ = {
			isa = PBXResourcesBuildPhase;
			buildActionMask = 2147483647;
			files = (
				B107214C1C6B33F10054443A /* Images.xcassets in Resources */,
				B107214F1C6B33F10054443A /* Builds in Resources */,
				B10721511C6B33F10054443A /* Localizable.strings in Resources */,
				B10721521C6B33F10054443A /* Main.storyboard in Resources */,
				B10721531C6B33F10054443A /* LaunchScreen.xib in Resources */,
			);
			runOnlyForDeploymentPostprocessing = 0;
		};
		B1AC897D1B879A06009D12D6 /* Resources */ = {
			isa = PBXResourcesBuildPhase;
			buildActionMask = 2147483647;
			files = (
				B12805231C25781A0058BAC8 /* Images.xcassets in Resources */,
				B1AC89AE1B879A29009D12D6 /* Builds in Resources */,
				B1AC89B11B879C8B009D12D6 /* Localizable.strings in Resources */,
				B1AC89911B879A07009D12D6 /* Main.storyboard in Resources */,
				B1AC89961B879A07009D12D6 /* LaunchScreen.xib in Resources */,
			);
			runOnlyForDeploymentPostprocessing = 0;
		};
		B1AC89991B879A07009D12D6 /* Resources */ = {
			isa = PBXResourcesBuildPhase;
			buildActionMask = 2147483647;
			files = (
			);
			runOnlyForDeploymentPostprocessing = 0;
		};
/* End PBXResourcesBuildPhase section */

/* Begin PBXShellScriptBuildPhase section */
		24F9545FDF23C14556E72BD9 /* Check Pods Manifest.lock */ = {
			isa = PBXShellScriptBuildPhase;
			buildActionMask = 2147483647;
			files = (
			);
			inputPaths = (
			);
			name = "Check Pods Manifest.lock";
			outputPaths = (
			);
			runOnlyForDeploymentPostprocessing = 0;
			shellPath = /bin/sh;
			shellScript = "diff \"${PODS_ROOT}/../Podfile.lock\" \"${PODS_ROOT}/Manifest.lock\" > /dev/null\nif [[ $? != 0 ]] ; then\n    cat << EOM\nerror: The sandbox is not in sync with the Podfile.lock. Run 'pod install' or update your CocoaPods installation.\nEOM\n    exit 1\nfi\n";
			showEnvVarsInLog = 0;
		};
		35CBCA4EEABE08B1EF8D2842 /* Copy Pods Resources */ = {
			isa = PBXShellScriptBuildPhase;
			buildActionMask = 2147483647;
			files = (
			);
			inputPaths = (
			);
			name = "Copy Pods Resources";
			outputPaths = (
			);
			runOnlyForDeploymentPostprocessing = 0;
			shellPath = /bin/sh;
			shellScript = "\"${SRCROOT}/Pods/Target Support Files/Pods-HromadskyiPatrul/Pods-HromadskyiPatrul-resources.sh\"\n";
			showEnvVarsInLog = 0;
		};
		45467B192DD5F6BBCCB4635D /* Embed Pods Frameworks */ = {
			isa = PBXShellScriptBuildPhase;
			buildActionMask = 2147483647;
			files = (
			);
			inputPaths = (
			);
			name = "Embed Pods Frameworks";
			outputPaths = (
			);
			runOnlyForDeploymentPostprocessing = 0;
			shellPath = /bin/sh;
			shellScript = "\"${SRCROOT}/Pods/Target Support Files/Pods-HromadskyiPatrul/Pods-HromadskyiPatrul-frameworks.sh\"\n";
			showEnvVarsInLog = 0;
		};
		B10721241C6B33F10054443A /* Check Pods Manifest.lock */ = {
			isa = PBXShellScriptBuildPhase;
			buildActionMask = 2147483647;
			files = (
			);
			inputPaths = (
			);
			name = "Check Pods Manifest.lock";
			outputPaths = (
			);
			runOnlyForDeploymentPostprocessing = 0;
			shellPath = /bin/sh;
			shellScript = "diff \"${PODS_ROOT}/../Podfile.lock\" \"${PODS_ROOT}/Manifest.lock\" > /dev/null\nif [[ $? != 0 ]] ; then\n    cat << EOM\nerror: The sandbox is not in sync with the Podfile.lock. Run 'pod install' or update your CocoaPods installation.\nEOM\n    exit 1\nfi\n";
			showEnvVarsInLog = 0;
		};
		B10721561C6B33F10054443A /* Copy Pods Resources */ = {
			isa = PBXShellScriptBuildPhase;
			buildActionMask = 2147483647;
			files = (
			);
			inputPaths = (
			);
			name = "Copy Pods Resources";
			outputPaths = (
			);
			runOnlyForDeploymentPostprocessing = 0;
			shellPath = /bin/sh;
			shellScript = "\"${SRCROOT}/Pods/Target Support Files/Pods-HromadskyiPatrul/Pods-HromadskyiPatrul-resources.sh\"\n";
			showEnvVarsInLog = 0;
		};
		B10721571C6B33F10054443A /* ShellScript */ = {
			isa = PBXShellScriptBuildPhase;
			buildActionMask = 2147483647;
			files = (
			);
			inputPaths = (
			);
			outputPaths = (
			);
			runOnlyForDeploymentPostprocessing = 0;
			shellPath = /bin/sh;
			shellScript = "\"${PODS_ROOT}/Fabric/run\" b7ba58a3e64c5ff0d9fbc4faebb86c28b1bc40b9 0850a80e9c8d0f2bc357260b8b8c799b27dc7885123bce99ef22e59c196ea124";
		};
		B10721581C6B33F10054443A /* Embed Pods Frameworks */ = {
			isa = PBXShellScriptBuildPhase;
			buildActionMask = 2147483647;
			files = (
			);
			inputPaths = (
			);
			name = "Embed Pods Frameworks";
			outputPaths = (
			);
			runOnlyForDeploymentPostprocessing = 0;
			shellPath = /bin/sh;
			shellScript = "\"${SRCROOT}/Pods/Target Support Files/Pods-HromadskyiPatrul/Pods-HromadskyiPatrul-frameworks.sh\"\n";
			showEnvVarsInLog = 0;
		};
		B1AD29321B99F0340079D583 /* ShellScript */ = {
			isa = PBXShellScriptBuildPhase;
			buildActionMask = 2147483647;
			files = (
			);
			inputPaths = (
			);
			outputPaths = (
			);
			runOnlyForDeploymentPostprocessing = 0;
			shellPath = /bin/sh;
			shellScript = "\"${PODS_ROOT}/Fabric/run\" b7ba58a3e64c5ff0d9fbc4faebb86c28b1bc40b9 0850a80e9c8d0f2bc357260b8b8c799b27dc7885123bce99ef22e59c196ea124";
		};
/* End PBXShellScriptBuildPhase section */

/* Begin PBXSourcesBuildPhase section */
		B10721251C6B33F10054443A /* Sources */ = {
			isa = PBXSourcesBuildPhase;
			buildActionMask = 2147483647;
			files = (
				B19B18131CC75230008D9110 /* HRPViolationManager.m in Sources */,
				B10721261C6B33F10054443A /* HRPLoginViewModel.m in Sources */,
				B10721271C6B33F10054443A /* HRPLoginViewController.m in Sources */,
				B10721281C6B33F10054443A /* UIImage+ChangeOriginalImage.m in Sources */,
				B10721291C6B33F10054443A /* HRPVideoPlayerViewController.m in Sources */,
				B107212A1C6B33F10054443A /* HRPNavigationController.m in Sources */,
				B107212B1C6B33F10054443A /* HRPMainViewModel.m in Sources */,
				B107212C1C6B33F10054443A /* HRPPhotoPreviewViewController.m in Sources */,
				B19B18151CC75230008D9110 /* HRPViolation.m in Sources */,
				B107212D1C6B33F10054443A /* UIViewController+NavigationBar.m in Sources */,
				B107212E1C6B33F10054443A /* HRPLocations.m in Sources */,
				B107212F1C6B33F10054443A /* HRPLabel.m in Sources */,
				B10721301C6B33F10054443A /* HRPCollectionViewController.m in Sources */,
				B10721311C6B33F10054443A /* HRPViolationCell.m in Sources */,
				B10721321C6B33F10054443A /* HRPAppDelegate.m in Sources */,
				B10721331C6B33F10054443A /* HRPVideoPreview.m in Sources */,
				B10721341C6B33F10054443A /* HRPVideoRecordViewController.m in Sources */,
				B10721351C6B33F10054443A /* HRPButton.m in Sources */,
				B10721361C6B33F10054443A /* HRPBaseViewController.m in Sources */,
				B10721371C6B33F10054443A /* HRPVideoRecordView.m in Sources */,
				B10721381C6B33F10054443A /* HRPSettingsViewController.m in Sources */,
				B10721391C6B33F10054443A /* HRPMainViewController.m in Sources */,
				B107213A1C6B33F10054443A /* main.m in Sources */,
				B107213B1C6B33F10054443A /* HRPCameraManager.m in Sources */,
				B107213C1C6B33F10054443A /* UIColor+HexColor.m in Sources */,
				B107213D1C6B33F10054443A /* HRPSettingsViewModel.m in Sources */,
				B107213E1C6B33F10054443A /* HRPImage.m in Sources */,
				B199085F1CA3F594003228AB /* HRPCameraController.m in Sources */,
				B107213F1C6B33F10054443A /* HromadskyiPatrul.xcdatamodeld in Sources */,
				B10721401C6B33F10054443A /* HRPPhoto.m in Sources */,
			);
			runOnlyForDeploymentPostprocessing = 0;
		};
		B1AC897B1B879A06009D12D6 /* Sources */ = {
			isa = PBXSourcesBuildPhase;
			buildActionMask = 2147483647;
			files = (
				B19B18121CC75230008D9110 /* HRPViolationManager.m in Sources */,
				B12804FC1C25432D0058BAC8 /* HRPLoginViewModel.m in Sources */,
				B128052C1C25795C0058BAC8 /* HRPLoginViewController.m in Sources */,
				B12805441C257A370058BAC8 /* UIImage+ChangeOriginalImage.m in Sources */,
				B12805561C257B240058BAC8 /* HRPVideoPlayerViewController.m in Sources */,
				B128054A1C257A620058BAC8 /* HRPNavigationController.m in Sources */,
				B12805261C2578E30058BAC8 /* HRPMainViewModel.m in Sources */,
				B12805551C257B240058BAC8 /* HRPPhotoPreviewViewController.m in Sources */,
				B19B18141CC75230008D9110 /* HRPViolation.m in Sources */,
				B12805701C2582950058BAC8 /* UIViewController+NavigationBar.m in Sources */,
				B128053C1C257A0F0058BAC8 /* HRPLocations.m in Sources */,
				B12805761C2591F60058BAC8 /* HRPLabel.m in Sources */,
				B1D9BA401C27072D00A98EEB /* HRPCollectionViewController.m in Sources */,
				B128053E1C257A0F0058BAC8 /* HRPViolationCell.m in Sources */,
				B1AC89881B879A06009D12D6 /* HRPAppDelegate.m in Sources */,
				B1E751341C340E040034FCC6 /* HRPVideoPreview.m in Sources */,
				B12805731C258B6A0058BAC8 /* HRPVideoRecordViewController.m in Sources */,
				B128053A1C257A0F0058BAC8 /* HRPButton.m in Sources */,
				B12805491C257A620058BAC8 /* HRPBaseViewController.m in Sources */,
				B1C07F051C21DD98002868F9 /* HRPVideoRecordView.m in Sources */,
				B12805501C257AD40058BAC8 /* HRPSettingsViewController.m in Sources */,
				B12805291C25791D0058BAC8 /* HRPMainViewController.m in Sources */,
				B1AC89851B879A06009D12D6 /* main.m in Sources */,
				B128052F1C2579B00058BAC8 /* HRPCameraManager.m in Sources */,
				B12805431C257A370058BAC8 /* UIColor+HexColor.m in Sources */,
				B1DFDBB51C36B9A000883D90 /* HRPSettingsViewModel.m in Sources */,
				B128053B1C257A0F0058BAC8 /* HRPImage.m in Sources */,
				B199085E1CA3F1B2003228AB /* HRPCameraController.m in Sources */,
				B128054D1C257A8D0058BAC8 /* HromadskyiPatrul.xcdatamodeld in Sources */,
				B128053D1C257A0F0058BAC8 /* HRPPhoto.m in Sources */,
			);
			runOnlyForDeploymentPostprocessing = 0;
		};
		B1AC89971B879A07009D12D6 /* Sources */ = {
			isa = PBXSourcesBuildPhase;
			buildActionMask = 2147483647;
			files = (
				B1AC89A21B879A07009D12D6 /* HromadskyiPatrulTests.m in Sources */,
			);
			runOnlyForDeploymentPostprocessing = 0;
		};
/* End PBXSourcesBuildPhase section */

/* Begin PBXTargetDependency section */
		B1AC899D1B879A07009D12D6 /* PBXTargetDependency */ = {
			isa = PBXTargetDependency;
			target = B1AC897E1B879A06009D12D6 /* HromadskyiPatrul */;
			targetProxy = B1AC899C1B879A07009D12D6 /* PBXContainerItemProxy */;
		};
/* End PBXTargetDependency section */

/* Begin PBXVariantGroup section */
		B1AC898F1B879A07009D12D6 /* Main.storyboard */ = {
			isa = PBXVariantGroup;
			children = (
				B1AC89901B879A07009D12D6 /* Base */,
			);
			name = Main.storyboard;
			path = ..;
			sourceTree = "<group>";
		};
		B1AC89941B879A07009D12D6 /* LaunchScreen.xib */ = {
			isa = PBXVariantGroup;
			children = (
				B1AC89951B879A07009D12D6 /* Base */,
			);
			name = LaunchScreen.xib;
			path = ..;
			sourceTree = "<group>";
		};
		B1AC89B31B879C8B009D12D6 /* Localizable.strings */ = {
			isa = PBXVariantGroup;
			children = (
				B1AC89B21B879C8B009D12D6 /* en */,
				B1AC89B41B879C91009D12D6 /* Base */,
				B1AC89B51B879CE3009D12D6 /* ru */,
				B1AC89B61B879CEC009D12D6 /* uk */,
			);
			name = Localizable.strings;
			sourceTree = "<group>";
		};
/* End PBXVariantGroup section */

/* Begin XCBuildConfiguration section */
		B107215A1C6B33F10054443A /* Debug */ = {
			isa = XCBuildConfiguration;
			baseConfigurationReference = 500B3C870051FB8D469BD022 /* Pods-HromadskyiPatrul.debug.xcconfig */;
			buildSettings = {
				ASSETCATALOG_COMPILER_APPICON_NAME = "AppIcon-Dev";
				CODE_SIGN_IDENTITY = "iPhone Developer";
				DEPLOYMENT_POSTPROCESSING = YES;
				ENABLE_BITCODE = NO;
				FRAMEWORK_SEARCH_PATHS = "$(inherited)";
				GCC_PREPROCESSOR_DEFINITIONS = (
					"$(inherited)",
					"COCOAPODS=1",
					"DEVELOPMENT=1",
				);
				INFOPLIST_FILE = "$(SRCROOT)/HromadskyiPatrul-Dev-Info.plist";
				IPHONEOS_DEPLOYMENT_TARGET = 8.1;
				LD_RUNPATH_SEARCH_PATHS = "$(inherited) @executable_path/Frameworks";
				PRODUCT_BUNDLE_IDENTIFIER = "com.stfalcon.$(PRODUCT_NAME:rfc1034identifier)";
				PRODUCT_NAME = "$(TARGET_NAME)";
				STRIP_INSTALLED_PRODUCT = NO;
			};
			name = Debug;
		};
		B107215B1C6B33F10054443A /* Release */ = {
			isa = XCBuildConfiguration;
			baseConfigurationReference = 789869B3BADE9EB6EB88D5DC /* Pods-HromadskyiPatrul.release.xcconfig */;
			buildSettings = {
				ASSETCATALOG_COMPILER_APPICON_NAME = "AppIcon-Dev";
				CODE_SIGN_IDENTITY = "iPhone Developer";
				DEPLOYMENT_POSTPROCESSING = YES;
				ENABLE_BITCODE = NO;
				FRAMEWORK_SEARCH_PATHS = "$(inherited)";
				GCC_PREPROCESSOR_DEFINITIONS = (
					"$(inherited)",
					"COCOAPODS=1",
					"DEVELOPMENT=1",
				);
				INFOPLIST_FILE = "$(SRCROOT)/HromadskyiPatrul-Dev-Info.plist";
				IPHONEOS_DEPLOYMENT_TARGET = 8.1;
				LD_RUNPATH_SEARCH_PATHS = "$(inherited) @executable_path/Frameworks";
				PRODUCT_BUNDLE_IDENTIFIER = "com.stfalcon.$(PRODUCT_NAME:rfc1034identifier)";
				PRODUCT_NAME = "$(TARGET_NAME)";
				STRIP_INSTALLED_PRODUCT = NO;
			};
			name = Release;
		};
		B1AC89A31B879A07009D12D6 /* Debug */ = {
			isa = XCBuildConfiguration;
			buildSettings = {
				ALWAYS_SEARCH_USER_PATHS = NO;
				CLANG_CXX_LANGUAGE_STANDARD = "gnu++0x";
				CLANG_CXX_LIBRARY = "libc++";
				CLANG_ENABLE_MODULES = YES;
				CLANG_ENABLE_OBJC_ARC = YES;
				CLANG_WARN_BOOL_CONVERSION = YES;
				CLANG_WARN_CONSTANT_CONVERSION = YES;
				CLANG_WARN_DIRECT_OBJC_ISA_USAGE = YES_ERROR;
				CLANG_WARN_EMPTY_BODY = YES;
				CLANG_WARN_ENUM_CONVERSION = YES;
				CLANG_WARN_INT_CONVERSION = YES;
				CLANG_WARN_OBJC_ROOT_CLASS = YES_ERROR;
				CLANG_WARN_UNREACHABLE_CODE = YES;
				CLANG_WARN__DUPLICATE_METHOD_MATCH = YES;
				"CODE_SIGN_IDENTITY[sdk=iphoneos*]" = "iPhone Developer";
				COPY_PHASE_STRIP = NO;
				DEBUG_INFORMATION_FORMAT = "dwarf-with-dsym";
				ENABLE_STRICT_OBJC_MSGSEND = YES;
				ENABLE_TESTABILITY = YES;
				GCC_C_LANGUAGE_STANDARD = gnu99;
				GCC_DYNAMIC_NO_PIC = NO;
				GCC_NO_COMMON_BLOCKS = YES;
				GCC_OPTIMIZATION_LEVEL = 0;
				GCC_PREPROCESSOR_DEFINITIONS = (
					"DEBUG=1",
					"$(inherited)",
				);
				GCC_SYMBOLS_PRIVATE_EXTERN = NO;
				GCC_WARN_64_TO_32_BIT_CONVERSION = YES;
				GCC_WARN_ABOUT_RETURN_TYPE = YES_ERROR;
				GCC_WARN_UNDECLARED_SELECTOR = YES;
				GCC_WARN_UNINITIALIZED_AUTOS = YES_AGGRESSIVE;
				GCC_WARN_UNUSED_FUNCTION = YES;
				GCC_WARN_UNUSED_VARIABLE = YES;
				IPHONEOS_DEPLOYMENT_TARGET = 8.0;
				MTL_ENABLE_DEBUG_INFO = YES;
				ONLY_ACTIVE_ARCH = YES;
				SDKROOT = iphoneos;
			};
			name = Debug;
		};
		B1AC89A41B879A07009D12D6 /* Release */ = {
			isa = XCBuildConfiguration;
			buildSettings = {
				ALWAYS_SEARCH_USER_PATHS = NO;
				CLANG_CXX_LANGUAGE_STANDARD = "gnu++0x";
				CLANG_CXX_LIBRARY = "libc++";
				CLANG_ENABLE_MODULES = YES;
				CLANG_ENABLE_OBJC_ARC = YES;
				CLANG_WARN_BOOL_CONVERSION = YES;
				CLANG_WARN_CONSTANT_CONVERSION = YES;
				CLANG_WARN_DIRECT_OBJC_ISA_USAGE = YES_ERROR;
				CLANG_WARN_EMPTY_BODY = YES;
				CLANG_WARN_ENUM_CONVERSION = YES;
				CLANG_WARN_INT_CONVERSION = YES;
				CLANG_WARN_OBJC_ROOT_CLASS = YES_ERROR;
				CLANG_WARN_UNREACHABLE_CODE = YES;
				CLANG_WARN__DUPLICATE_METHOD_MATCH = YES;
				"CODE_SIGN_IDENTITY[sdk=iphoneos*]" = "iPhone Developer";
				COPY_PHASE_STRIP = NO;
				DEBUG_INFORMATION_FORMAT = "dwarf-with-dsym";
				ENABLE_NS_ASSERTIONS = NO;
				ENABLE_STRICT_OBJC_MSGSEND = YES;
				GCC_C_LANGUAGE_STANDARD = gnu99;
				GCC_NO_COMMON_BLOCKS = YES;
				GCC_PREPROCESSOR_DEFINITIONS = "APPSTORE=1";
				GCC_WARN_64_TO_32_BIT_CONVERSION = YES;
				GCC_WARN_ABOUT_RETURN_TYPE = YES_ERROR;
				GCC_WARN_UNDECLARED_SELECTOR = YES;
				GCC_WARN_UNINITIALIZED_AUTOS = YES_AGGRESSIVE;
				GCC_WARN_UNUSED_FUNCTION = YES;
				GCC_WARN_UNUSED_VARIABLE = YES;
				IPHONEOS_DEPLOYMENT_TARGET = 8.0;
				MTL_ENABLE_DEBUG_INFO = NO;
				SDKROOT = iphoneos;
				VALIDATE_PRODUCT = YES;
			};
			name = Release;
		};
		B1AC89A61B879A07009D12D6 /* Debug */ = {
			isa = XCBuildConfiguration;
			baseConfigurationReference = 500B3C870051FB8D469BD022 /* Pods-HromadskyiPatrul.debug.xcconfig */;
			buildSettings = {
				ASSETCATALOG_COMPILER_APPICON_NAME = AppIcon;
				CODE_SIGN_IDENTITY = "iPhone Developer";
				DEPLOYMENT_POSTPROCESSING = YES;
				ENABLE_BITCODE = NO;
				FRAMEWORK_SEARCH_PATHS = "$(inherited)";
				GCC_PREPROCESSOR_DEFINITIONS = (
					"$(inherited)",
					"COCOAPODS=1",
					"DEVELOPMENT=0",
				);
				INFOPLIST_FILE = HromadskyiPatrul/Info.plist;
				IPHONEOS_DEPLOYMENT_TARGET = 8.1;
				LD_RUNPATH_SEARCH_PATHS = "$(inherited) @executable_path/Frameworks";
				PRODUCT_BUNDLE_IDENTIFIER = "com.stfalcon.$(PRODUCT_NAME:rfc1034identifier)";
				PRODUCT_NAME = "$(TARGET_NAME)";
			};
			name = Debug;
		};
		B1AC89A71B879A07009D12D6 /* Release */ = {
			isa = XCBuildConfiguration;
			baseConfigurationReference = 789869B3BADE9EB6EB88D5DC /* Pods-HromadskyiPatrul.release.xcconfig */;
			buildSettings = {
				ASSETCATALOG_COMPILER_APPICON_NAME = AppIcon;
				CODE_SIGN_IDENTITY = "iPhone Developer";
				DEPLOYMENT_POSTPROCESSING = YES;
				ENABLE_BITCODE = NO;
				FRAMEWORK_SEARCH_PATHS = "$(inherited)";
				GCC_PREPROCESSOR_DEFINITIONS = (
					"$(inherited)",
					"COCOAPODS=1",
					"DEVELOPMENT=0",
				);
				INFOPLIST_FILE = HromadskyiPatrul/Info.plist;
				IPHONEOS_DEPLOYMENT_TARGET = 8.1;
				LD_RUNPATH_SEARCH_PATHS = "$(inherited) @executable_path/Frameworks";
				PRODUCT_BUNDLE_IDENTIFIER = "com.stfalcon.$(PRODUCT_NAME:rfc1034identifier)";
				PRODUCT_NAME = "$(TARGET_NAME)";
				PROVISIONING_PROFILE = "";
			};
			name = Release;
		};
		B1AC89A91B879A07009D12D6 /* Debug */ = {
			isa = XCBuildConfiguration;
			buildSettings = {
				BUNDLE_LOADER = "$(TEST_HOST)";
				FRAMEWORK_SEARCH_PATHS = "$(inherited)";
				GCC_PREPROCESSOR_DEFINITIONS = (
					"DEBUG=1",
					"$(inherited)",
				);
				INFOPLIST_FILE = HromadskyiPatrulTests/Info.plist;
				LD_RUNPATH_SEARCH_PATHS = "$(inherited) @executable_path/Frameworks @loader_path/Frameworks";
				PRODUCT_BUNDLE_IDENTIFIER = "com.stfalcon.$(PRODUCT_NAME:rfc1034identifier)";
				PRODUCT_NAME = "$(TARGET_NAME)";
				TEST_HOST = "$(BUILT_PRODUCTS_DIR)/HromadskyiPatrul.app/HromadskyiPatrul";
			};
			name = Debug;
		};
		B1AC89AA1B879A07009D12D6 /* Release */ = {
			isa = XCBuildConfiguration;
			buildSettings = {
				BUNDLE_LOADER = "$(TEST_HOST)";
				FRAMEWORK_SEARCH_PATHS = "$(inherited)";
				INFOPLIST_FILE = HromadskyiPatrulTests/Info.plist;
				LD_RUNPATH_SEARCH_PATHS = "$(inherited) @executable_path/Frameworks @loader_path/Frameworks";
				PRODUCT_BUNDLE_IDENTIFIER = "com.stfalcon.$(PRODUCT_NAME:rfc1034identifier)";
				PRODUCT_NAME = "$(TARGET_NAME)";
				TEST_HOST = "$(BUILT_PRODUCTS_DIR)/HromadskyiPatrul.app/HromadskyiPatrul";
			};
			name = Release;
		};
/* End XCBuildConfiguration section */

/* Begin XCConfigurationList section */
		B10721591C6B33F10054443A /* Build configuration list for PBXNativeTarget "HromadskyiPatrul-Dev" */ = {
			isa = XCConfigurationList;
			buildConfigurations = (
				B107215A1C6B33F10054443A /* Debug */,
				B107215B1C6B33F10054443A /* Release */,
			);
			defaultConfigurationIsVisible = 0;
			defaultConfigurationName = Release;
		};
		B1AC897A1B879A06009D12D6 /* Build configuration list for PBXProject "HromadskyiPatrul" */ = {
			isa = XCConfigurationList;
			buildConfigurations = (
				B1AC89A31B879A07009D12D6 /* Debug */,
				B1AC89A41B879A07009D12D6 /* Release */,
			);
			defaultConfigurationIsVisible = 0;
			defaultConfigurationName = Release;
		};
		B1AC89A51B879A07009D12D6 /* Build configuration list for PBXNativeTarget "HromadskyiPatrul" */ = {
			isa = XCConfigurationList;
			buildConfigurations = (
				B1AC89A61B879A07009D12D6 /* Debug */,
				B1AC89A71B879A07009D12D6 /* Release */,
			);
			defaultConfigurationIsVisible = 0;
			defaultConfigurationName = Release;
		};
		B1AC89A81B879A07009D12D6 /* Build configuration list for PBXNativeTarget "HromadskyiPatrulTests" */ = {
			isa = XCConfigurationList;
			buildConfigurations = (
				B1AC89A91B879A07009D12D6 /* Debug */,
				B1AC89AA1B879A07009D12D6 /* Release */,
			);
			defaultConfigurationIsVisible = 0;
			defaultConfigurationName = Release;
		};
/* End XCConfigurationList section */

/* Begin XCVersionGroup section */
		B128054B1C257A8D0058BAC8 /* HromadskyiPatrul.xcdatamodeld */ = {
			isa = XCVersionGroup;
			children = (
				B128054C1C257A8D0058BAC8 /* HromadskyiPatrul.xcdatamodel */,
			);
			currentVersion = B128054C1C257A8D0058BAC8 /* HromadskyiPatrul.xcdatamodel */;
			path = HromadskyiPatrul.xcdatamodeld;
			sourceTree = "<group>";
			versionGroupType = wrapper.xcdatamodel;
		};
/* End XCVersionGroup section */
	};
	rootObject = B1AC89771B879A06009D12D6 /* Project object */;
}
