// !$*UTF8*$!
{
	archiveVersion = 1;
	classes = {
	};
	objectVersion = 46;
	objects = {

/* Begin PBXBuildFile section */
		B1AC89851B879A06009D12D6 /* main.m in Sources */ = {isa = PBXBuildFile; fileRef = B1AC89841B879A06009D12D6 /* main.m */; };
		B1AC89881B879A06009D12D6 /* HRPAppDelegate.m in Sources */ = {isa = PBXBuildFile; fileRef = B1AC89871B879A06009D12D6 /* HRPAppDelegate.m */; };
		B1AC898B1B879A07009D12D6 /* HromadskyiPatrul.xcdatamodeld in Sources */ = {isa = PBXBuildFile; fileRef = B1AC89891B879A06009D12D6 /* HromadskyiPatrul.xcdatamodeld */; };
		B1AC898E1B879A07009D12D6 /* HRPViewController.m in Sources */ = {isa = PBXBuildFile; fileRef = B1AC898D1B879A07009D12D6 /* HRPViewController.m */; };
		B1AC89911B879A07009D12D6 /* Main.storyboard in Resources */ = {isa = PBXBuildFile; fileRef = B1AC898F1B879A07009D12D6 /* Main.storyboard */; };
		B1AC89931B879A07009D12D6 /* Images.xcassets in Resources */ = {isa = PBXBuildFile; fileRef = B1AC89921B879A07009D12D6 /* Images.xcassets */; };
		B1AC89961B879A07009D12D6 /* LaunchScreen.xib in Resources */ = {isa = PBXBuildFile; fileRef = B1AC89941B879A07009D12D6 /* LaunchScreen.xib */; };
		B1AC89A21B879A07009D12D6 /* HromadskyiPatrulTests.m in Sources */ = {isa = PBXBuildFile; fileRef = B1AC89A11B879A07009D12D6 /* HromadskyiPatrulTests.m */; };
		B1AC89AC1B879A20009D12D6 /* ReadMe in Resources */ = {isa = PBXBuildFile; fileRef = B1AC89AB1B879A20009D12D6 /* ReadMe */; };
		B1AC89AE1B879A29009D12D6 /* Builds in Resources */ = {isa = PBXBuildFile; fileRef = B1AC89AD1B879A29009D12D6 /* Builds */; };
		B1AC89B11B879C8B009D12D6 /* Localizable.strings in Resources */ = {isa = PBXBuildFile; fileRef = B1AC89B31B879C8B009D12D6 /* Localizable.strings */; };
/* End PBXBuildFile section */

/* Begin PBXContainerItemProxy section */
		B1AC899C1B879A07009D12D6 /* PBXContainerItemProxy */ = {
			isa = PBXContainerItemProxy;
			containerPortal = B1AC89771B879A06009D12D6 /* Project object */;
			proxyType = 1;
			remoteGlobalIDString = B1AC897E1B879A06009D12D6;
			remoteInfo = HromadskyiPatrul;
		};
/* End PBXContainerItemProxy section */

/* Begin PBXFileReference section */
		B1AC897F1B879A06009D12D6 /* HromadskyiPatrul.app */ = {isa = PBXFileReference; explicitFileType = wrapper.application; includeInIndex = 0; path = HromadskyiPatrul.app; sourceTree = BUILT_PRODUCTS_DIR; };
		B1AC89831B879A06009D12D6 /* Info.plist */ = {isa = PBXFileReference; lastKnownFileType = text.plist.xml; path = Info.plist; sourceTree = "<group>"; };
		B1AC89841B879A06009D12D6 /* main.m */ = {isa = PBXFileReference; lastKnownFileType = sourcecode.c.objc; path = main.m; sourceTree = "<group>"; };
		B1AC89861B879A06009D12D6 /* HRPAppDelegate.h */ = {isa = PBXFileReference; lastKnownFileType = sourcecode.c.h; path = HRPAppDelegate.h; sourceTree = "<group>"; };
		B1AC89871B879A06009D12D6 /* HRPAppDelegate.m */ = {isa = PBXFileReference; lastKnownFileType = sourcecode.c.objc; path = HRPAppDelegate.m; sourceTree = "<group>"; };
		B1AC898A1B879A07009D12D6 /* HromadskyiPatrul.xcdatamodel */ = {isa = PBXFileReference; lastKnownFileType = wrapper.xcdatamodel; path = HromadskyiPatrul.xcdatamodel; sourceTree = "<group>"; };
		B1AC898C1B879A07009D12D6 /* HRPViewController.h */ = {isa = PBXFileReference; lastKnownFileType = sourcecode.c.h; path = HRPViewController.h; sourceTree = "<group>"; };
		B1AC898D1B879A07009D12D6 /* HRPViewController.m */ = {isa = PBXFileReference; lastKnownFileType = sourcecode.c.objc; path = HRPViewController.m; sourceTree = "<group>"; };
		B1AC89901B879A07009D12D6 /* Base */ = {isa = PBXFileReference; lastKnownFileType = file.storyboard; name = Base; path = Base.lproj/Main.storyboard; sourceTree = "<group>"; };
		B1AC89921B879A07009D12D6 /* Images.xcassets */ = {isa = PBXFileReference; lastKnownFileType = folder.assetcatalog; path = Images.xcassets; sourceTree = "<group>"; };
		B1AC89951B879A07009D12D6 /* Base */ = {isa = PBXFileReference; lastKnownFileType = file.xib; name = Base; path = Base.lproj/LaunchScreen.xib; sourceTree = "<group>"; };
		B1AC899B1B879A07009D12D6 /* HromadskyiPatrulTests.xctest */ = {isa = PBXFileReference; explicitFileType = wrapper.cfbundle; includeInIndex = 0; path = HromadskyiPatrulTests.xctest; sourceTree = BUILT_PRODUCTS_DIR; };
		B1AC89A01B879A07009D12D6 /* Info.plist */ = {isa = PBXFileReference; lastKnownFileType = text.plist.xml; path = Info.plist; sourceTree = "<group>"; };
		B1AC89A11B879A07009D12D6 /* HromadskyiPatrulTests.m */ = {isa = PBXFileReference; lastKnownFileType = sourcecode.c.objc; path = HromadskyiPatrulTests.m; sourceTree = "<group>"; };
		B1AC89AB1B879A20009D12D6 /* ReadMe */ = {isa = PBXFileReference; fileEncoding = 4; lastKnownFileType = text; path = ReadMe; sourceTree = "<group>"; };
		B1AC89AD1B879A29009D12D6 /* Builds */ = {isa = PBXFileReference; fileEncoding = 4; lastKnownFileType = text; path = Builds; sourceTree = "<group>"; };
		B1AC89B21B879C8B009D12D6 /* en */ = {isa = PBXFileReference; lastKnownFileType = text.plist.strings; name = en; path = en.lproj/Localizable.strings; sourceTree = "<group>"; };
		B1AC89B41B879C91009D12D6 /* Base */ = {isa = PBXFileReference; lastKnownFileType = text.plist.strings; name = Base; path = Base.lproj/Localizable.strings; sourceTree = "<group>"; };
		B1AC89B51B879CE3009D12D6 /* ru */ = {isa = PBXFileReference; lastKnownFileType = text.plist.strings; name = ru; path = ru.lproj/Localizable.strings; sourceTree = "<group>"; };
		B1AC89B61B879CEC009D12D6 /* uk */ = {isa = PBXFileReference; lastKnownFileType = text.plist.strings; name = uk; path = uk.lproj/Localizable.strings; sourceTree = "<group>"; };
/* End PBXFileReference section */

/* Begin PBXFrameworksBuildPhase section */
		B1AC897C1B879A06009D12D6 /* Frameworks */ = {
			isa = PBXFrameworksBuildPhase;
			buildActionMask = 2147483647;
			files = (
			);
			runOnlyForDeploymentPostprocessing = 0;
		};
		B1AC89981B879A07009D12D6 /* Frameworks */ = {
			isa = PBXFrameworksBuildPhase;
			buildActionMask = 2147483647;
			files = (
			);
			runOnlyForDeploymentPostprocessing = 0;
		};
/* End PBXFrameworksBuildPhase section */

/* Begin PBXGroup section */
		B1AC89761B879A06009D12D6 = {
			isa = PBXGroup;
			children = (
				B1AC89AB1B879A20009D12D6 /* ReadMe */,
				B1AC89AD1B879A29009D12D6 /* Builds */,
				B1AC89811B879A06009D12D6 /* HromadskyiPatrul */,
				B1AC899E1B879A07009D12D6 /* HromadskyiPatrulTests */,
				B1AC89801B879A06009D12D6 /* Products */,
			);
			sourceTree = "<group>";
		};
		B1AC89801B879A06009D12D6 /* Products */ = {
			isa = PBXGroup;
			children = (
				B1AC897F1B879A06009D12D6 /* HromadskyiPatrul.app */,
				B1AC899B1B879A07009D12D6 /* HromadskyiPatrulTests.xctest */,
			);
			name = Products;
			sourceTree = "<group>";
		};
		B1AC89811B879A06009D12D6 /* HromadskyiPatrul */ = {
			isa = PBXGroup;
			children = (
				B1AC89861B879A06009D12D6 /* HRPAppDelegate.h */,
				B1AC89871B879A06009D12D6 /* HRPAppDelegate.m */,
				B1AC898C1B879A07009D12D6 /* HRPViewController.h */,
				B1AC898D1B879A07009D12D6 /* HRPViewController.m */,
				B1AC898F1B879A07009D12D6 /* Main.storyboard */,
				B1AC89921B879A07009D12D6 /* Images.xcassets */,
				B1AC89941B879A07009D12D6 /* LaunchScreen.xib */,
				B1AC89891B879A06009D12D6 /* HromadskyiPatrul.xcdatamodeld */,
				B1AC89821B879A06009D12D6 /* Supporting Files */,
			);
			path = HromadskyiPatrul;
			sourceTree = "<group>";
		};
		B1AC89821B879A06009D12D6 /* Supporting Files */ = {
			isa = PBXGroup;
			children = (
				B1AC89831B879A06009D12D6 /* Info.plist */,
				B1AC89841B879A06009D12D6 /* main.m */,
				B1AC89B31B879C8B009D12D6 /* Localizable.strings */,
			);
			name = "Supporting Files";
			sourceTree = "<group>";
		};
		B1AC899E1B879A07009D12D6 /* HromadskyiPatrulTests */ = {
			isa = PBXGroup;
			children = (
				B1AC89A11B879A07009D12D6 /* HromadskyiPatrulTests.m */,
				B1AC899F1B879A07009D12D6 /* Supporting Files */,
			);
			path = HromadskyiPatrulTests;
			sourceTree = "<group>";
		};
		B1AC899F1B879A07009D12D6 /* Supporting Files */ = {
			isa = PBXGroup;
			children = (
				B1AC89A01B879A07009D12D6 /* Info.plist */,
			);
			name = "Supporting Files";
			sourceTree = "<group>";
		};
/* End PBXGroup section */

/* Begin PBXNativeTarget section */
		B1AC897E1B879A06009D12D6 /* HromadskyiPatrul */ = {
			isa = PBXNativeTarget;
			buildConfigurationList = B1AC89A51B879A07009D12D6 /* Build configuration list for PBXNativeTarget "HromadskyiPatrul" */;
			buildPhases = (
				B1AC897B1B879A06009D12D6 /* Sources */,
				B1AC897C1B879A06009D12D6 /* Frameworks */,
				B1AC897D1B879A06009D12D6 /* Resources */,
			);
			buildRules = (
			);
			dependencies = (
			);
			name = HromadskyiPatrul;
			productName = HromadskyiPatrul;
			productReference = B1AC897F1B879A06009D12D6 /* HromadskyiPatrul.app */;
			productType = "com.apple.product-type.application";
		};
		B1AC899A1B879A07009D12D6 /* HromadskyiPatrulTests */ = {
			isa = PBXNativeTarget;
			buildConfigurationList = B1AC89A81B879A07009D12D6 /* Build configuration list for PBXNativeTarget "HromadskyiPatrulTests" */;
			buildPhases = (
				B1AC89971B879A07009D12D6 /* Sources */,
				B1AC89981B879A07009D12D6 /* Frameworks */,
				B1AC89991B879A07009D12D6 /* Resources */,
			);
			buildRules = (
			);
			dependencies = (
				B1AC899D1B879A07009D12D6 /* PBXTargetDependency */,
			);
			name = HromadskyiPatrulTests;
			productName = HromadskyiPatrulTests;
			productReference = B1AC899B1B879A07009D12D6 /* HromadskyiPatrulTests.xctest */;
			productType = "com.apple.product-type.bundle.unit-test";
		};
/* End PBXNativeTarget section */

/* Begin PBXProject section */
		B1AC89771B879A06009D12D6 /* Project object */ = {
			isa = PBXProject;
			attributes = {
				LastUpgradeCheck = 0640;
				ORGANIZATIONNAME = "Monastyrskiy Sergey";
				TargetAttributes = {
					B1AC897E1B879A06009D12D6 = {
						CreatedOnToolsVersion = 6.4;
						DevelopmentTeam = HU8ZS7UX2R;
					};
					B1AC899A1B879A07009D12D6 = {
						CreatedOnToolsVersion = 6.4;
						TestTargetID = B1AC897E1B879A06009D12D6;
					};
				};
			};
			buildConfigurationList = B1AC897A1B879A06009D12D6 /* Build configuration list for PBXProject "HromadskyiPatrul" */;
			compatibilityVersion = "Xcode 3.2";
			developmentRegion = English;
			hasScannedForEncodings = 0;
			knownRegions = (
				en,
				Base,
				ru,
				uk,
			);
			mainGroup = B1AC89761B879A06009D12D6;
			productRefGroup = B1AC89801B879A06009D12D6 /* Products */;
			projectDirPath = "";
			projectRoot = "";
			targets = (
				B1AC897E1B879A06009D12D6 /* HromadskyiPatrul */,
				B1AC899A1B879A07009D12D6 /* HromadskyiPatrulTests */,
			);
		};
/* End PBXProject section */

/* Begin PBXResourcesBuildPhase section */
		B1AC897D1B879A06009D12D6 /* Resources */ = {
			isa = PBXResourcesBuildPhase;
			buildActionMask = 2147483647;
			files = (
				B1AC89AE1B879A29009D12D6 /* Builds in Resources */,
				B1AC89B11B879C8B009D12D6 /* Localizable.strings in Resources */,
				B1AC89AC1B879A20009D12D6 /* ReadMe in Resources */,
				B1AC89911B879A07009D12D6 /* Main.storyboard in Resources */,
				B1AC89961B879A07009D12D6 /* LaunchScreen.xib in Resources */,
				B1AC89931B879A07009D12D6 /* Images.xcassets in Resources */,
			);
			runOnlyForDeploymentPostprocessing = 0;
		};
		B1AC89991B879A07009D12D6 /* Resources */ = {
			isa = PBXResourcesBuildPhase;
			buildActionMask = 2147483647;
			files = (
			);
			runOnlyForDeploymentPostprocessing = 0;
		};
/* End PBXResourcesBuildPhase section */

/* Begin PBXSourcesBuildPhase section */
		B1AC897B1B879A06009D12D6 /* Sources */ = {
			isa = PBXSourcesBuildPhase;
			buildActionMask = 2147483647;
			files = (
				B1AC89881B879A06009D12D6 /* HRPAppDelegate.m in Sources */,
				B1AC89851B879A06009D12D6 /* main.m in Sources */,
				B1AC898E1B879A07009D12D6 /* HRPViewController.m in Sources */,
				B1AC898B1B879A07009D12D6 /* HromadskyiPatrul.xcdatamodeld in Sources */,
			);
			runOnlyForDeploymentPostprocessing = 0;
		};
		B1AC89971B879A07009D12D6 /* Sources */ = {
			isa = PBXSourcesBuildPhase;
			buildActionMask = 2147483647;
			files = (
				B1AC89A21B879A07009D12D6 /* HromadskyiPatrulTests.m in Sources */,
			);
			runOnlyForDeploymentPostprocessing = 0;
		};
/* End PBXSourcesBuildPhase section */

/* Begin PBXTargetDependency section */
		B1AC899D1B879A07009D12D6 /* PBXTargetDependency */ = {
			isa = PBXTargetDependency;
			target = B1AC897E1B879A06009D12D6 /* HromadskyiPatrul */;
			targetProxy = B1AC899C1B879A07009D12D6 /* PBXContainerItemProxy */;
		};
/* End PBXTargetDependency section */

/* Begin PBXVariantGroup section */
		B1AC898F1B879A07009D12D6 /* Main.storyboard */ = {
			isa = PBXVariantGroup;
			children = (
				B1AC89901B879A07009D12D6 /* Base */,
			);
			name = Main.storyboard;
			sourceTree = "<group>";
		};
		B1AC89941B879A07009D12D6 /* LaunchScreen.xib */ = {
			isa = PBXVariantGroup;
			children = (
				B1AC89951B879A07009D12D6 /* Base */,
			);
			name = LaunchScreen.xib;
			sourceTree = "<group>";
		};
		B1AC89B31B879C8B009D12D6 /* Localizable.strings */ = {
			isa = PBXVariantGroup;
			children = (
				B1AC89B21B879C8B009D12D6 /* en */,
				B1AC89B41B879C91009D12D6 /* Base */,
				B1AC89B51B879CE3009D12D6 /* ru */,
				B1AC89B61B879CEC009D12D6 /* uk */,
			);
			name = Localizable.strings;
			sourceTree = "<group>";
		};
/* End PBXVariantGroup section */

/* Begin XCBuildConfiguration section */
		B1AC89A31B879A07009D12D6 /* Debug */ = {
			isa = XCBuildConfiguration;
			buildSettings = {
				ALWAYS_SEARCH_USER_PATHS = NO;
				CLANG_CXX_LANGUAGE_STANDARD = "gnu++0x";
				CLANG_CXX_LIBRARY = "libc++";
				CLANG_ENABLE_MODULES = YES;
				CLANG_ENABLE_OBJC_ARC = YES;
				CLANG_WARN_BOOL_CONVERSION = YES;
				CLANG_WARN_CONSTANT_CONVERSION = YES;
				CLANG_WARN_DIRECT_OBJC_ISA_USAGE = YES_ERROR;
				CLANG_WARN_EMPTY_BODY = YES;
				CLANG_WARN_ENUM_CONVERSION = YES;
				CLANG_WARN_INT_CONVERSION = YES;
				CLANG_WARN_OBJC_ROOT_CLASS = YES_ERROR;
				CLANG_WARN_UNREACHABLE_CODE = YES;
				CLANG_WARN__DUPLICATE_METHOD_MATCH = YES;
				"CODE_SIGN_IDENTITY[sdk=iphoneos*]" = "iPhone Developer";
				COPY_PHASE_STRIP = NO;
				DEBUG_INFORMATION_FORMAT = "dwarf-with-dsym";
				ENABLE_STRICT_OBJC_MSGSEND = YES;
				GCC_C_LANGUAGE_STANDARD = gnu99;
				GCC_DYNAMIC_NO_PIC = NO;
				GCC_NO_COMMON_BLOCKS = YES;
				GCC_OPTIMIZATION_LEVEL = 0;
				GCC_PREPROCESSOR_DEFINITIONS = (
					"DEBUG=1",
					"$(inherited)",
				);
				GCC_SYMBOLS_PRIVATE_EXTERN = NO;
				GCC_WARN_64_TO_32_BIT_CONVERSION = YES;
				GCC_WARN_ABOUT_RETURN_TYPE = YES_ERROR;
				GCC_WARN_UNDECLARED_SELECTOR = YES;
				GCC_WARN_UNINITIALIZED_AUTOS = YES_AGGRESSIVE;
				GCC_WARN_UNUSED_FUNCTION = YES;
				GCC_WARN_UNUSED_VARIABLE = YES;
				IPHONEOS_DEPLOYMENT_TARGET = 8.0;
				MTL_ENABLE_DEBUG_INFO = YES;
				ONLY_ACTIVE_ARCH = YES;
				SDKROOT = iphoneos;
			};
			name = Debug;
		};
		B1AC89A41B879A07009D12D6 /* Release */ = {
			isa = XCBuildConfiguration;
			buildSettings = {
				ALWAYS_SEARCH_USER_PATHS = NO;
				CLANG_CXX_LANGUAGE_STANDARD = "gnu++0x";
				CLANG_CXX_LIBRARY = "libc++";
				CLANG_ENABLE_MODULES = YES;
				CLANG_ENABLE_OBJC_ARC = YES;
				CLANG_WARN_BOOL_CONVERSION = YES;
				CLANG_WARN_CONSTANT_CONVERSION = YES;
				CLANG_WARN_DIRECT_OBJC_ISA_USAGE = YES_ERROR;
				CLANG_WARN_EMPTY_BODY = YES;
				CLANG_WARN_ENUM_CONVERSION = YES;
				CLANG_WARN_INT_CONVERSION = YES;
				CLANG_WARN_OBJC_ROOT_CLASS = YES_ERROR;
				CLANG_WARN_UNREACHABLE_CODE = YES;
				CLANG_WARN__DUPLICATE_METHOD_MATCH = YES;
				"CODE_SIGN_IDENTITY[sdk=iphoneos*]" = "iPhone Developer";
				COPY_PHASE_STRIP = NO;
				DEBUG_INFORMATION_FORMAT = "dwarf-with-dsym";
				ENABLE_NS_ASSERTIONS = NO;
				ENABLE_STRICT_OBJC_MSGSEND = YES;
				GCC_C_LANGUAGE_STANDARD = gnu99;
				GCC_NO_COMMON_BLOCKS = YES;
				GCC_WARN_64_TO_32_BIT_CONVERSION = YES;
				GCC_WARN_ABOUT_RETURN_TYPE = YES_ERROR;
				GCC_WARN_UNDECLARED_SELECTOR = YES;
				GCC_WARN_UNINITIALIZED_AUTOS = YES_AGGRESSIVE;
				GCC_WARN_UNUSED_FUNCTION = YES;
				GCC_WARN_UNUSED_VARIABLE = YES;
				IPHONEOS_DEPLOYMENT_TARGET = 8.0;
				MTL_ENABLE_DEBUG_INFO = NO;
				SDKROOT = iphoneos;
				VALIDATE_PRODUCT = YES;
			};
			name = Release;
		};
		B1AC89A61B879A07009D12D6 /* Debug */ = {
			isa = XCBuildConfiguration;
			buildSettings = {
				ASSETCATALOG_COMPILER_APPICON_NAME = AppIcon;
				CODE_SIGN_IDENTITY = "iPhone Developer";
				INFOPLIST_FILE = HromadskyiPatrul/Info.plist;
				LD_RUNPATH_SEARCH_PATHS = "$(inherited) @executable_path/Frameworks";
				PRODUCT_NAME = "$(TARGET_NAME)";
			};
			name = Debug;
		};
		B1AC89A71B879A07009D12D6 /* Release */ = {
			isa = XCBuildConfiguration;
			buildSettings = {
				ASSETCATALOG_COMPILER_APPICON_NAME = AppIcon;
				CODE_SIGN_IDENTITY = "iPhone Developer";
				INFOPLIST_FILE = HromadskyiPatrul/Info.plist;
				LD_RUNPATH_SEARCH_PATHS = "$(inherited) @executable_path/Frameworks";
				PRODUCT_NAME = "$(TARGET_NAME)";
			};
			name = Release;
		};
		B1AC89A91B879A07009D12D6 /* Debug */ = {
			isa = XCBuildConfiguration;
			buildSettings = {
				BUNDLE_LOADER = "$(TEST_HOST)";
				FRAMEWORK_SEARCH_PATHS = (
					"$(SDKROOT)/Developer/Library/Frameworks",
					"$(inherited)",
				);
				GCC_PREPROCESSOR_DEFINITIONS = (
					"DEBUG=1",
					"$(inherited)",
				);
				INFOPLIST_FILE = HromadskyiPatrulTests/Info.plist;
				LD_RUNPATH_SEARCH_PATHS = "$(inherited) @executable_path/Frameworks @loader_path/Frameworks";
				PRODUCT_NAME = "$(TARGET_NAME)";
				TEST_HOST = "$(BUILT_PRODUCTS_DIR)/HromadskyiPatrul.app/HromadskyiPatrul";
			};
			name = Debug;
		};
		B1AC89AA1B879A07009D12D6 /* Release */ = {
			isa = XCBuildConfiguration;
			buildSettings = {
				BUNDLE_LOADER = "$(TEST_HOST)";
				FRAMEWORK_SEARCH_PATHS = (
					"$(SDKROOT)/Developer/Library/Frameworks",
					"$(inherited)",
				);
				INFOPLIST_FILE = HromadskyiPatrulTests/Info.plist;
				LD_RUNPATH_SEARCH_PATHS = "$(inherited) @executable_path/Frameworks @loader_path/Frameworks";
				PRODUCT_NAME = "$(TARGET_NAME)";
				TEST_HOST = "$(BUILT_PRODUCTS_DIR)/HromadskyiPatrul.app/HromadskyiPatrul";
			};
			name = Release;
		};
/* End XCBuildConfiguration section */

/* Begin XCConfigurationList section */
		B1AC897A1B879A06009D12D6 /* Build configuration list for PBXProject "HromadskyiPatrul" */ = {
			isa = XCConfigurationList;
			buildConfigurations = (
				B1AC89A31B879A07009D12D6 /* Debug */,
				B1AC89A41B879A07009D12D6 /* Release */,
			);
			defaultConfigurationIsVisible = 0;
			defaultConfigurationName = Release;
		};
		B1AC89A51B879A07009D12D6 /* Build configuration list for PBXNativeTarget "HromadskyiPatrul" */ = {
			isa = XCConfigurationList;
			buildConfigurations = (
				B1AC89A61B879A07009D12D6 /* Debug */,
				B1AC89A71B879A07009D12D6 /* Release */,
			);
			defaultConfigurationIsVisible = 0;
		};
		B1AC89A81B879A07009D12D6 /* Build configuration list for PBXNativeTarget "HromadskyiPatrulTests" */ = {
			isa = XCConfigurationList;
			buildConfigurations = (
				B1AC89A91B879A07009D12D6 /* Debug */,
				B1AC89AA1B879A07009D12D6 /* Release */,
			);
			defaultConfigurationIsVisible = 0;
		};
/* End XCConfigurationList section */

/* Begin XCVersionGroup section */
		B1AC89891B879A06009D12D6 /* HromadskyiPatrul.xcdatamodeld */ = {
			isa = XCVersionGroup;
			children = (
				B1AC898A1B879A07009D12D6 /* HromadskyiPatrul.xcdatamodel */,
			);
			currentVersion = B1AC898A1B879A07009D12D6 /* HromadskyiPatrul.xcdatamodel */;
			path = HromadskyiPatrul.xcdatamodeld;
			sourceTree = "<group>";
			versionGroupType = wrapper.xcdatamodel;
		};
/* End XCVersionGroup section */
	};
	rootObject = B1AC89771B879A06009D12D6 /* Project object */;
}
